<?xml version="1.0"?>
<plist version="1.0">
	<dict>
		<key>archiveVersion</key>
		<string>1</string>
		<key>classes</key>
		<dict />
		<key>objectVersion</key>
		<string>46</string>
		<key>objects</key>
		<dict>
			<key>D0E0B0296DDADDB39F8EA147</key>
			<dict>
				<key>explicitFileType</key>
				<string>sourcecode.c.h</string>
				<key>fileEncoding</key>
				<string>30</string>
				<key>isa</key>
				<string>PBXFileReference</string>
				<key>name</key>
				<string>wpiExtensions.h</string>
				<key>path</key>
				<string>../../../addons/ofxWiringPi/libs/wiringPi/src/wpiExtensions.h</string>
				<key>sourceTree</key>
				<string>SOURCE_ROOT</string>
			</dict>
			<key>B257DE9C8BD839AA93415ECA</key>
			<dict>
				<key>fileRef</key>
				<string>B04F0D932EE7D1F04B06D8D0</string>
				<key>isa</key>
				<string>PBXBuildFile</string>
			</dict>
			<key>B04F0D932EE7D1F04B06D8D0</key>
			<dict>
				<key>explicitFileType</key>
				<string>sourcecode.c.c</string>
				<key>fileEncoding</key>
				<string>30</string>
				<key>isa</key>
				<string>PBXFileReference</string>
				<key>name</key>
				<string>wpiExtensions.c</string>
				<key>path</key>
				<string>../../../addons/ofxWiringPi/libs/wiringPi/src/wpiExtensions.c</string>
				<key>sourceTree</key>
				<string>SOURCE_ROOT</string>
			</dict>
			<key>01E02FA2F4E1464A1644FFB3</key>
			<dict>
				<key>explicitFileType</key>
				<string>sourcecode.c.h</string>
				<key>fileEncoding</key>
				<string>30</string>
				<key>isa</key>
				<string>PBXFileReference</string>
				<key>name</key>
				<string>wiringShift.h</string>
				<key>path</key>
				<string>../../../addons/ofxWiringPi/libs/wiringPi/src/wiringShift.h</string>
				<key>sourceTree</key>
				<string>SOURCE_ROOT</string>
			</dict>
			<key>D02537B5232698207D8B5702</key>
			<dict>
				<key>fileRef</key>
				<string>E456A6BDD274C8BD8D6A5D57</string>
				<key>isa</key>
				<string>PBXBuildFile</string>
			</dict>
			<key>E456A6BDD274C8BD8D6A5D57</key>
			<dict>
				<key>explicitFileType</key>
				<string>sourcecode.c.c</string>
				<key>fileEncoding</key>
				<string>30</string>
				<key>isa</key>
				<string>PBXFileReference</string>
				<key>name</key>
				<string>wiringShift.c</string>
				<key>path</key>
				<string>../../../addons/ofxWiringPi/libs/wiringPi/src/wiringShift.c</string>
				<key>sourceTree</key>
				<string>SOURCE_ROOT</string>
			</dict>
			<key>53B7AE202E066135A55B9EB8</key>
			<dict>
				<key>explicitFileType</key>
				<string>sourcecode.c.h</string>
				<key>fileEncoding</key>
				<string>30</string>
				<key>isa</key>
				<string>PBXFileReference</string>
				<key>name</key>
				<string>wiringSerial.h</string>
				<key>path</key>
				<string>../../../addons/ofxWiringPi/libs/wiringPi/src/wiringSerial.h</string>
				<key>sourceTree</key>
				<string>SOURCE_ROOT</string>
			</dict>
			<key>5DA3081CB9B964BA2044B58F</key>
			<dict>
				<key>fileRef</key>
				<string>B4906C2006FA75EC3F274AFE</string>
				<key>isa</key>
				<string>PBXBuildFile</string>
			</dict>
			<key>B4906C2006FA75EC3F274AFE</key>
			<dict>
				<key>explicitFileType</key>
				<string>sourcecode.c.c</string>
				<key>fileEncoding</key>
				<string>30</string>
				<key>isa</key>
				<string>PBXFileReference</string>
				<key>name</key>
				<string>wiringSerial.c</string>
				<key>path</key>
				<string>../../../addons/ofxWiringPi/libs/wiringPi/src/wiringSerial.c</string>
				<key>sourceTree</key>
				<string>SOURCE_ROOT</string>
			</dict>
			<key>EBC21A1AE06732E1592A7285</key>
			<dict>
				<key>explicitFileType</key>
				<string>sourcecode.c.h</string>
				<key>fileEncoding</key>
				<string>30</string>
				<key>isa</key>
				<string>PBXFileReference</string>
				<key>name</key>
				<string>wiringPiSPI.h</string>
				<key>path</key>
				<string>../../../addons/ofxWiringPi/libs/wiringPi/src/wiringPiSPI.h</string>
				<key>sourceTree</key>
				<string>SOURCE_ROOT</string>
			</dict>
			<key>A2C088F7E0BCD1F18E24D60B</key>
			<dict>
				<key>fileRef</key>
				<string>11DC80BECD20CD278910B2A5</string>
				<key>isa</key>
				<string>PBXBuildFile</string>
			</dict>
			<key>11DC80BECD20CD278910B2A5</key>
			<dict>
				<key>explicitFileType</key>
				<string>sourcecode.c.c</string>
				<key>fileEncoding</key>
				<string>30</string>
				<key>isa</key>
				<string>PBXFileReference</string>
				<key>name</key>
				<string>wiringPiSPI.c</string>
				<key>path</key>
				<string>../../../addons/ofxWiringPi/libs/wiringPi/src/wiringPiSPI.c</string>
				<key>sourceTree</key>
				<string>SOURCE_ROOT</string>
			</dict>
			<key>1E886C8856D41EC5A7B5F8DF</key>
			<dict>
				<key>explicitFileType</key>
				<string>sourcecode.c.h</string>
				<key>fileEncoding</key>
				<string>30</string>
				<key>isa</key>
				<string>PBXFileReference</string>
				<key>name</key>
				<string>wiringPiI2C.h</string>
				<key>path</key>
				<string>../../../addons/ofxWiringPi/libs/wiringPi/src/wiringPiI2C.h</string>
				<key>sourceTree</key>
				<string>SOURCE_ROOT</string>
			</dict>
			<key>4229175A52AA004B7D0783E6</key>
			<dict>
				<key>fileRef</key>
				<string>B7BB6E94C5ECA4CA49E3ADE2</string>
				<key>isa</key>
				<string>PBXBuildFile</string>
			</dict>
			<key>B7BB6E94C5ECA4CA49E3ADE2</key>
			<dict>
				<key>explicitFileType</key>
				<string>sourcecode.c.c</string>
				<key>fileEncoding</key>
				<string>30</string>
				<key>isa</key>
				<string>PBXFileReference</string>
				<key>name</key>
				<string>wiringPiI2C.c</string>
				<key>path</key>
				<string>../../../addons/ofxWiringPi/libs/wiringPi/src/wiringPiI2C.c</string>
				<key>sourceTree</key>
				<string>SOURCE_ROOT</string>
			</dict>
			<key>1B568103904E8C744BF5D249</key>
			<dict>
				<key>explicitFileType</key>
				<string>sourcecode.c.h</string>
				<key>fileEncoding</key>
				<string>30</string>
				<key>isa</key>
				<string>PBXFileReference</string>
				<key>name</key>
				<string>wiringPi.h</string>
				<key>path</key>
				<string>../../../addons/ofxWiringPi/libs/wiringPi/src/wiringPi.h</string>
				<key>sourceTree</key>
				<string>SOURCE_ROOT</string>
			</dict>
			<key>910C6B646C8B2BC563B0C7B8</key>
			<dict>
				<key>fileRef</key>
				<string>010B3504AD24A7A21353CB16</string>
				<key>isa</key>
				<string>PBXBuildFile</string>
			</dict>
			<key>010B3504AD24A7A21353CB16</key>
			<dict>
				<key>explicitFileType</key>
				<string>sourcecode.c.c</string>
				<key>fileEncoding</key>
				<string>30</string>
				<key>isa</key>
				<string>PBXFileReference</string>
				<key>name</key>
				<string>wiringPi.c</string>
				<key>path</key>
				<string>../../../addons/ofxWiringPi/libs/wiringPi/src/wiringPi.c</string>
				<key>sourceTree</key>
				<string>SOURCE_ROOT</string>
			</dict>
			<key>968AA44C8B93415C412A84FC</key>
			<dict>
				<key>explicitFileType</key>
				<string>sourcecode.c.h</string>
				<key>fileEncoding</key>
				<string>30</string>
				<key>isa</key>
				<string>PBXFileReference</string>
				<key>name</key>
				<string>sr595.h</string>
				<key>path</key>
				<string>../../../addons/ofxWiringPi/libs/wiringPi/src/sr595.h</string>
				<key>sourceTree</key>
				<string>SOURCE_ROOT</string>
			</dict>
			<key>764DA22A667857A3D1BA4CFB</key>
			<dict>
				<key>fileRef</key>
				<string>E548F8DAF3A0D02E14A855E0</string>
				<key>isa</key>
				<string>PBXBuildFile</string>
			</dict>
			<key>E548F8DAF3A0D02E14A855E0</key>
			<dict>
				<key>explicitFileType</key>
				<string>sourcecode.c.c</string>
				<key>fileEncoding</key>
				<string>30</string>
				<key>isa</key>
				<string>PBXFileReference</string>
				<key>name</key>
				<string>sr595.c</string>
				<key>path</key>
				<string>../../../addons/ofxWiringPi/libs/wiringPi/src/sr595.c</string>
				<key>sourceTree</key>
				<string>SOURCE_ROOT</string>
			</dict>
			<key>82E715EC3546A8AD6ACF8FED</key>
			<dict>
				<key>explicitFileType</key>
				<string>sourcecode.c.h</string>
				<key>fileEncoding</key>
				<string>30</string>
				<key>isa</key>
				<string>PBXFileReference</string>
				<key>name</key>
				<string>softTone.h</string>
				<key>path</key>
				<string>../../../addons/ofxWiringPi/libs/wiringPi/src/softTone.h</string>
				<key>sourceTree</key>
				<string>SOURCE_ROOT</string>
			</dict>
			<key>4E79C69484B889763B6F046A</key>
			<dict>
				<key>fileRef</key>
				<string>3AA152360AA36B0180A08364</string>
				<key>isa</key>
				<string>PBXBuildFile</string>
			</dict>
			<key>3AA152360AA36B0180A08364</key>
			<dict>
				<key>explicitFileType</key>
				<string>sourcecode.c.c</string>
				<key>fileEncoding</key>
				<string>30</string>
				<key>isa</key>
				<string>PBXFileReference</string>
				<key>name</key>
				<string>softTone.c</string>
				<key>path</key>
				<string>../../../addons/ofxWiringPi/libs/wiringPi/src/softTone.c</string>
				<key>sourceTree</key>
				<string>SOURCE_ROOT</string>
			</dict>
			<key>9B0178BEF816581B83C20CE7</key>
			<dict>
				<key>explicitFileType</key>
				<string>sourcecode.c.h</string>
				<key>fileEncoding</key>
				<string>30</string>
				<key>isa</key>
				<string>PBXFileReference</string>
				<key>name</key>
				<string>softServo.h</string>
				<key>path</key>
				<string>../../../addons/ofxWiringPi/libs/wiringPi/src/softServo.h</string>
				<key>sourceTree</key>
				<string>SOURCE_ROOT</string>
			</dict>
			<key>343F5D0A09F9E3A88D3D985A</key>
			<dict>
				<key>fileRef</key>
				<string>CD7E4A3CA0D37575D7C1CD06</string>
				<key>isa</key>
				<string>PBXBuildFile</string>
			</dict>
			<key>CD7E4A3CA0D37575D7C1CD06</key>
			<dict>
				<key>explicitFileType</key>
				<string>sourcecode.c.c</string>
				<key>fileEncoding</key>
				<string>30</string>
				<key>isa</key>
				<string>PBXFileReference</string>
				<key>name</key>
				<string>softServo.c</string>
				<key>path</key>
				<string>../../../addons/ofxWiringPi/libs/wiringPi/src/softServo.c</string>
				<key>sourceTree</key>
				<string>SOURCE_ROOT</string>
			</dict>
			<key>2E2A99730070CAE741E5C37D</key>
			<dict>
				<key>explicitFileType</key>
				<string>sourcecode.c.h</string>
				<key>fileEncoding</key>
				<string>30</string>
				<key>isa</key>
				<string>PBXFileReference</string>
				<key>name</key>
				<string>softPwm.h</string>
				<key>path</key>
				<string>../../../addons/ofxWiringPi/libs/wiringPi/src/softPwm.h</string>
				<key>sourceTree</key>
				<string>SOURCE_ROOT</string>
			</dict>
			<key>907AC57CD56BC6038E205C12</key>
			<dict>
				<key>fileRef</key>
				<string>4BF391A2118DCE6587E36E90</string>
				<key>isa</key>
				<string>PBXBuildFile</string>
			</dict>
			<key>4BF391A2118DCE6587E36E90</key>
			<dict>
				<key>explicitFileType</key>
				<string>sourcecode.c.c</string>
				<key>fileEncoding</key>
				<string>30</string>
				<key>isa</key>
				<string>PBXFileReference</string>
				<key>name</key>
				<string>softPwm.c</string>
				<key>path</key>
				<string>../../../addons/ofxWiringPi/libs/wiringPi/src/softPwm.c</string>
				<key>sourceTree</key>
				<string>SOURCE_ROOT</string>
			</dict>
			<key>04D9C58C5CB1E8429278C1F8</key>
			<dict>
				<key>explicitFileType</key>
				<string>sourcecode.c.h</string>
				<key>fileEncoding</key>
				<string>30</string>
				<key>isa</key>
				<string>PBXFileReference</string>
				<key>name</key>
				<string>sn3218.h</string>
				<key>path</key>
				<string>../../../addons/ofxWiringPi/libs/wiringPi/src/sn3218.h</string>
				<key>sourceTree</key>
				<string>SOURCE_ROOT</string>
			</dict>
			<key>E9C44B9AD7CC77A0E154EBFE</key>
			<dict>
				<key>fileRef</key>
				<string>C05D52EA6D482F54B06AC400</string>
				<key>isa</key>
				<string>PBXBuildFile</string>
			</dict>
			<key>C05D52EA6D482F54B06AC400</key>
			<dict>
				<key>explicitFileType</key>
				<string>sourcecode.c.c</string>
				<key>fileEncoding</key>
				<string>30</string>
				<key>isa</key>
				<string>PBXFileReference</string>
				<key>name</key>
				<string>sn3218.c</string>
				<key>path</key>
				<string>../../../addons/ofxWiringPi/libs/wiringPi/src/sn3218.c</string>
				<key>sourceTree</key>
				<string>SOURCE_ROOT</string>
			</dict>
			<key>46E4788B5CAE4576FA9DE8A0</key>
			<dict>
				<key>fileRef</key>
				<string>EDD5904C17AF5CEACD84BF37</string>
				<key>isa</key>
				<string>PBXBuildFile</string>
			</dict>
			<key>EDD5904C17AF5CEACD84BF37</key>
			<dict>
				<key>explicitFileType</key>
				<string>sourcecode.c.c</string>
				<key>fileEncoding</key>
				<string>30</string>
				<key>isa</key>
				<string>PBXFileReference</string>
				<key>name</key>
				<string>piThread.c</string>
				<key>path</key>
				<string>../../../addons/ofxWiringPi/libs/wiringPi/src/piThread.c</string>
				<key>sourceTree</key>
				<string>SOURCE_ROOT</string>
			</dict>
			<key>56D7527F2EE67C379D0630C9</key>
			<dict>
				<key>fileRef</key>
				<string>2137B4D2BE0CBC1EA368C029</string>
				<key>isa</key>
				<string>PBXBuildFile</string>
			</dict>
			<key>2137B4D2BE0CBC1EA368C029</key>
			<dict>
				<key>explicitFileType</key>
				<string>sourcecode.c.c</string>
				<key>fileEncoding</key>
				<string>30</string>
				<key>isa</key>
				<string>PBXFileReference</string>
				<key>name</key>
				<string>piHiPri.c</string>
				<key>path</key>
				<string>../../../addons/ofxWiringPi/libs/wiringPi/src/piHiPri.c</string>
				<key>sourceTree</key>
				<string>SOURCE_ROOT</string>
			</dict>
			<key>B5CA8132295B2DD7ED709257</key>
			<dict>
				<key>explicitFileType</key>
				<string>sourcecode.c.h</string>
				<key>fileEncoding</key>
				<string>30</string>
				<key>isa</key>
				<string>PBXFileReference</string>
				<key>name</key>
				<string>pcf8591.h</string>
				<key>path</key>
				<string>../../../addons/ofxWiringPi/libs/wiringPi/src/pcf8591.h</string>
				<key>sourceTree</key>
				<string>SOURCE_ROOT</string>
			</dict>
			<key>ABE87208A36BDAA204A46572</key>
			<dict>
				<key>fileRef</key>
				<string>5A7A93AAFD8F00D7786F4CA1</string>
				<key>isa</key>
				<string>PBXBuildFile</string>
			</dict>
			<key>5A7A93AAFD8F00D7786F4CA1</key>
			<dict>
				<key>explicitFileType</key>
				<string>sourcecode.c.c</string>
				<key>fileEncoding</key>
				<string>30</string>
				<key>isa</key>
				<string>PBXFileReference</string>
				<key>name</key>
				<string>pcf8591.c</string>
				<key>path</key>
				<string>../../../addons/ofxWiringPi/libs/wiringPi/src/pcf8591.c</string>
				<key>sourceTree</key>
				<string>SOURCE_ROOT</string>
			</dict>
			<key>E01A22E8BA347BE1F5363EA9</key>
			<dict>
				<key>explicitFileType</key>
				<string>sourcecode.c.h</string>
				<key>fileEncoding</key>
				<string>30</string>
				<key>isa</key>
				<string>PBXFileReference</string>
				<key>name</key>
				<string>pcf8574.h</string>
				<key>path</key>
				<string>../../../addons/ofxWiringPi/libs/wiringPi/src/pcf8574.h</string>
				<key>sourceTree</key>
				<string>SOURCE_ROOT</string>
			</dict>
			<key>11623D1A8BECF93E52DF95B6</key>
			<dict>
				<key>fileRef</key>
				<string>8D5E5C3ADA0D3ECD8E3296D3</string>
				<key>isa</key>
				<string>PBXBuildFile</string>
			</dict>
			<key>8D5E5C3ADA0D3ECD8E3296D3</key>
			<dict>
				<key>explicitFileType</key>
				<string>sourcecode.c.c</string>
				<key>fileEncoding</key>
				<string>30</string>
				<key>isa</key>
				<string>PBXFileReference</string>
				<key>name</key>
				<string>pcf8574.c</string>
				<key>path</key>
				<string>../../../addons/ofxWiringPi/libs/wiringPi/src/pcf8574.c</string>
				<key>sourceTree</key>
				<string>SOURCE_ROOT</string>
			</dict>
			<key>1692C59C78FBD69226431CDC</key>
			<dict>
				<key>explicitFileType</key>
				<string>sourcecode.c.h</string>
				<key>fileEncoding</key>
				<string>30</string>
				<key>isa</key>
				<string>PBXFileReference</string>
				<key>name</key>
				<string>mcp4802.h</string>
				<key>path</key>
				<string>../../../addons/ofxWiringPi/libs/wiringPi/src/mcp4802.h</string>
				<key>sourceTree</key>
				<string>SOURCE_ROOT</string>
			</dict>
			<key>7DBD2FED2B429CE324B9B4EA</key>
			<dict>
				<key>fileRef</key>
				<string>BC0F046210760CC26AE3C5E5</string>
				<key>isa</key>
				<string>PBXBuildFile</string>
			</dict>
			<key>BC0F046210760CC26AE3C5E5</key>
			<dict>
				<key>explicitFileType</key>
				<string>sourcecode.c.c</string>
				<key>fileEncoding</key>
				<string>30</string>
				<key>isa</key>
				<string>PBXFileReference</string>
				<key>name</key>
				<string>mcp4802.c</string>
				<key>path</key>
				<string>../../../addons/ofxWiringPi/libs/wiringPi/src/mcp4802.c</string>
				<key>sourceTree</key>
				<string>SOURCE_ROOT</string>
			</dict>
			<key>4E68475A30F0B33B566F100D</key>
			<dict>
				<key>explicitFileType</key>
				<string>sourcecode.c.h</string>
				<key>fileEncoding</key>
				<string>30</string>
				<key>isa</key>
				<string>PBXFileReference</string>
				<key>name</key>
				<string>mcp3422.h</string>
				<key>path</key>
				<string>../../../addons/ofxWiringPi/libs/wiringPi/src/mcp3422.h</string>
				<key>sourceTree</key>
				<string>SOURCE_ROOT</string>
			</dict>
			<key>9B13FDD8EA74F19AA88BEF22</key>
			<dict>
				<key>fileRef</key>
				<string>4D89DF8E19209CDA5F0631B3</string>
				<key>isa</key>
				<string>PBXBuildFile</string>
			</dict>
			<key>4D89DF8E19209CDA5F0631B3</key>
			<dict>
				<key>explicitFileType</key>
				<string>sourcecode.c.c</string>
				<key>fileEncoding</key>
				<string>30</string>
				<key>isa</key>
				<string>PBXFileReference</string>
				<key>name</key>
				<string>mcp3422.c</string>
				<key>path</key>
				<string>../../../addons/ofxWiringPi/libs/wiringPi/src/mcp3422.c</string>
				<key>sourceTree</key>
				<string>SOURCE_ROOT</string>
			</dict>
			<key>F4D78930BE5AA1A7915CA08F</key>
			<dict>
				<key>explicitFileType</key>
				<string>sourcecode.c.h</string>
				<key>fileEncoding</key>
				<string>30</string>
				<key>isa</key>
				<string>PBXFileReference</string>
				<key>name</key>
				<string>mcp3004.h</string>
				<key>path</key>
				<string>../../../addons/ofxWiringPi/libs/wiringPi/src/mcp3004.h</string>
				<key>sourceTree</key>
				<string>SOURCE_ROOT</string>
			</dict>
			<key>453A16DB4211CFE600F74287</key>
			<dict>
				<key>fileRef</key>
				<string>04671A1F50DB2FB70630C6C7</string>
				<key>isa</key>
				<string>PBXBuildFile</string>
			</dict>
			<key>04671A1F50DB2FB70630C6C7</key>
			<dict>
				<key>explicitFileType</key>
				<string>sourcecode.c.c</string>
				<key>fileEncoding</key>
				<string>30</string>
				<key>isa</key>
				<string>PBXFileReference</string>
				<key>name</key>
				<string>mcp3004.c</string>
				<key>path</key>
				<string>../../../addons/ofxWiringPi/libs/wiringPi/src/mcp3004.c</string>
				<key>sourceTree</key>
				<string>SOURCE_ROOT</string>
			</dict>
			<key>6CDD45EE3DF81F490B129BA4</key>
			<dict>
				<key>explicitFileType</key>
				<string>sourcecode.c.h</string>
				<key>fileEncoding</key>
				<string>30</string>
				<key>isa</key>
				<string>PBXFileReference</string>
				<key>name</key>
				<string>mcp3002.h</string>
				<key>path</key>
				<string>../../../addons/ofxWiringPi/libs/wiringPi/src/mcp3002.h</string>
				<key>sourceTree</key>
				<string>SOURCE_ROOT</string>
			</dict>
			<key>76C6362BE7A2759CACF4A01B</key>
			<dict>
				<key>fileRef</key>
				<string>F9210CF63676C35EC082409E</string>
				<key>isa</key>
				<string>PBXBuildFile</string>
			</dict>
			<key>F9210CF63676C35EC082409E</key>
			<dict>
				<key>explicitFileType</key>
				<string>sourcecode.c.c</string>
				<key>fileEncoding</key>
				<string>30</string>
				<key>isa</key>
				<string>PBXFileReference</string>
				<key>name</key>
				<string>mcp3002.c</string>
				<key>path</key>
				<string>../../../addons/ofxWiringPi/libs/wiringPi/src/mcp3002.c</string>
				<key>sourceTree</key>
				<string>SOURCE_ROOT</string>
			</dict>
			<key>D2672F186C893ECCE6ACDB80</key>
			<dict>
				<key>explicitFileType</key>
				<string>sourcecode.c.h</string>
				<key>fileEncoding</key>
				<string>30</string>
				<key>isa</key>
				<string>PBXFileReference</string>
				<key>name</key>
				<string>mcp23x0817.h</string>
				<key>path</key>
				<string>../../../addons/ofxWiringPi/libs/wiringPi/src/mcp23x0817.h</string>
				<key>sourceTree</key>
				<string>SOURCE_ROOT</string>
			</dict>
			<key>449C045E6F9DB4EEE278EF3A</key>
			<dict>
				<key>explicitFileType</key>
				<string>sourcecode.c.h</string>
				<key>fileEncoding</key>
				<string>30</string>
				<key>isa</key>
				<string>PBXFileReference</string>
				<key>name</key>
				<string>mcp23x08.h</string>
				<key>path</key>
				<string>../../../addons/ofxWiringPi/libs/wiringPi/src/mcp23x08.h</string>
				<key>sourceTree</key>
				<string>SOURCE_ROOT</string>
			</dict>
			<key>95034F1E3DC4BFB2903D3B89</key>
			<dict>
				<key>explicitFileType</key>
				<string>sourcecode.c.h</string>
				<key>fileEncoding</key>
				<string>30</string>
				<key>isa</key>
				<string>PBXFileReference</string>
				<key>name</key>
				<string>mcp23s17.h</string>
				<key>path</key>
				<string>../../../addons/ofxWiringPi/libs/wiringPi/src/mcp23s17.h</string>
				<key>sourceTree</key>
				<string>SOURCE_ROOT</string>
			</dict>
			<key>30259DD6183FC448C313D05E</key>
			<dict>
				<key>fileRef</key>
				<string>6637B12F261A3B68A513F38B</string>
				<key>isa</key>
				<string>PBXBuildFile</string>
			</dict>
			<key>6637B12F261A3B68A513F38B</key>
			<dict>
				<key>explicitFileType</key>
				<string>sourcecode.c.c</string>
				<key>fileEncoding</key>
				<string>30</string>
				<key>isa</key>
				<string>PBXFileReference</string>
				<key>name</key>
				<string>mcp23s17.c</string>
				<key>path</key>
				<string>../../../addons/ofxWiringPi/libs/wiringPi/src/mcp23s17.c</string>
				<key>sourceTree</key>
				<string>SOURCE_ROOT</string>
			</dict>
			<key>533ED34B88808678EC8454B8</key>
			<dict>
				<key>explicitFileType</key>
				<string>sourcecode.c.h</string>
				<key>fileEncoding</key>
				<string>30</string>
				<key>isa</key>
				<string>PBXFileReference</string>
				<key>name</key>
				<string>mcp23s08.h</string>
				<key>path</key>
				<string>../../../addons/ofxWiringPi/libs/wiringPi/src/mcp23s08.h</string>
				<key>sourceTree</key>
				<string>SOURCE_ROOT</string>
			</dict>
			<key>58802F6A58766C52E943CD6A</key>
			<dict>
				<key>fileRef</key>
				<string>B1F886EC0CBC5B0C92B73329</string>
				<key>isa</key>
				<string>PBXBuildFile</string>
			</dict>
			<key>B1F886EC0CBC5B0C92B73329</key>
			<dict>
				<key>explicitFileType</key>
				<string>sourcecode.c.c</string>
				<key>fileEncoding</key>
				<string>30</string>
				<key>isa</key>
				<string>PBXFileReference</string>
				<key>name</key>
				<string>mcp23s08.c</string>
				<key>path</key>
				<string>../../../addons/ofxWiringPi/libs/wiringPi/src/mcp23s08.c</string>
				<key>sourceTree</key>
				<string>SOURCE_ROOT</string>
			</dict>
			<key>5F9DC4D5D87586E64B8E467A</key>
			<dict>
				<key>explicitFileType</key>
				<string>sourcecode.c.h</string>
				<key>fileEncoding</key>
				<string>30</string>
				<key>isa</key>
				<string>PBXFileReference</string>
				<key>name</key>
				<string>mcp23017.h</string>
				<key>path</key>
				<string>../../../addons/ofxWiringPi/libs/wiringPi/src/mcp23017.h</string>
				<key>sourceTree</key>
				<string>SOURCE_ROOT</string>
			</dict>
			<key>D1A4CD914B988B0D2815B662</key>
			<dict>
				<key>fileRef</key>
				<string>5C9FC7D00851D8DFB9C0A330</string>
				<key>isa</key>
				<string>PBXBuildFile</string>
			</dict>
			<key>5C9FC7D00851D8DFB9C0A330</key>
			<dict>
				<key>explicitFileType</key>
				<string>sourcecode.c.c</string>
				<key>fileEncoding</key>
				<string>30</string>
				<key>isa</key>
				<string>PBXFileReference</string>
				<key>name</key>
				<string>mcp23017.c</string>
				<key>path</key>
				<string>../../../addons/ofxWiringPi/libs/wiringPi/src/mcp23017.c</string>
				<key>sourceTree</key>
				<string>SOURCE_ROOT</string>
			</dict>
			<key>C68E529B63CB686003FE59F3</key>
			<dict>
				<key>explicitFileType</key>
				<string>sourcecode.c.h</string>
				<key>fileEncoding</key>
				<string>30</string>
				<key>isa</key>
				<string>PBXFileReference</string>
				<key>name</key>
				<string>mcp23016reg.h</string>
				<key>path</key>
				<string>../../../addons/ofxWiringPi/libs/wiringPi/src/mcp23016reg.h</string>
				<key>sourceTree</key>
				<string>SOURCE_ROOT</string>
			</dict>
			<key>EB2C45DF669C11ED6F6D9933</key>
			<dict>
				<key>explicitFileType</key>
				<string>sourcecode.c.h</string>
				<key>fileEncoding</key>
				<string>30</string>
				<key>isa</key>
				<string>PBXFileReference</string>
				<key>name</key>
				<string>mcp23016.h</string>
				<key>path</key>
				<string>../../../addons/ofxWiringPi/libs/wiringPi/src/mcp23016.h</string>
				<key>sourceTree</key>
				<string>SOURCE_ROOT</string>
			</dict>
			<key>C5DBBFEA29A37CE681BEB6A8</key>
			<dict>
				<key>fileRef</key>
				<string>F1444538D3353E53F65BDA28</string>
				<key>isa</key>
				<string>PBXBuildFile</string>
			</dict>
			<key>F1444538D3353E53F65BDA28</key>
			<dict>
				<key>explicitFileType</key>
				<string>sourcecode.c.c</string>
				<key>fileEncoding</key>
				<string>30</string>
				<key>isa</key>
				<string>PBXFileReference</string>
				<key>name</key>
				<string>mcp23016.c</string>
				<key>path</key>
				<string>../../../addons/ofxWiringPi/libs/wiringPi/src/mcp23016.c</string>
				<key>sourceTree</key>
				<string>SOURCE_ROOT</string>
			</dict>
			<key>B4BAE0AFA6359B3067BC3C56</key>
			<dict>
				<key>explicitFileType</key>
				<string>sourcecode.c.h</string>
				<key>fileEncoding</key>
				<string>30</string>
				<key>isa</key>
				<string>PBXFileReference</string>
				<key>name</key>
				<string>mcp23008.h</string>
				<key>path</key>
				<string>../../../addons/ofxWiringPi/libs/wiringPi/src/mcp23008.h</string>
				<key>sourceTree</key>
				<string>SOURCE_ROOT</string>
			</dict>
			<key>8409E8B4014FA0FFD47F6B6E</key>
			<dict>
				<key>fileRef</key>
				<string>0CE11B0E733714C20794CE1B</string>
				<key>isa</key>
				<string>PBXBuildFile</string>
			</dict>
			<key>0CE11B0E733714C20794CE1B</key>
			<dict>
				<key>explicitFileType</key>
				<string>sourcecode.c.c</string>
				<key>fileEncoding</key>
				<string>30</string>
				<key>isa</key>
				<string>PBXFileReference</string>
				<key>name</key>
				<string>mcp23008.c</string>
				<key>path</key>
				<string>../../../addons/ofxWiringPi/libs/wiringPi/src/mcp23008.c</string>
				<key>sourceTree</key>
				<string>SOURCE_ROOT</string>
			</dict>
			<key>F0242E6377A665E6E47C4399</key>
			<dict>
				<key>explicitFileType</key>
				<string>sourcecode.c.h</string>
				<key>fileEncoding</key>
				<string>30</string>
				<key>isa</key>
				<string>PBXFileReference</string>
				<key>name</key>
				<string>max5322.h</string>
				<key>path</key>
				<string>../../../addons/ofxWiringPi/libs/wiringPi/src/max5322.h</string>
				<key>sourceTree</key>
				<string>SOURCE_ROOT</string>
			</dict>
			<key>390218879E62DE38A889F21B</key>
			<dict>
				<key>fileRef</key>
				<string>CFB480A7E0AEDE58C0DD05BA</string>
				<key>isa</key>
				<string>PBXBuildFile</string>
			</dict>
			<key>CFB480A7E0AEDE58C0DD05BA</key>
			<dict>
				<key>explicitFileType</key>
				<string>sourcecode.c.c</string>
				<key>fileEncoding</key>
				<string>30</string>
				<key>isa</key>
				<string>PBXFileReference</string>
				<key>name</key>
				<string>max5322.c</string>
				<key>path</key>
				<string>../../../addons/ofxWiringPi/libs/wiringPi/src/max5322.c</string>
				<key>sourceTree</key>
				<string>SOURCE_ROOT</string>
			</dict>
			<key>E660A310A68F215B4F1BFC68</key>
			<dict>
				<key>explicitFileType</key>
				<string>sourcecode.c.h</string>
				<key>fileEncoding</key>
				<string>30</string>
				<key>isa</key>
				<string>PBXFileReference</string>
				<key>name</key>
				<string>max31855.h</string>
				<key>path</key>
				<string>../../../addons/ofxWiringPi/libs/wiringPi/src/max31855.h</string>
				<key>sourceTree</key>
				<string>SOURCE_ROOT</string>
			</dict>
			<key>3C73D5EA6E9DFC3EBCACCA2D</key>
			<dict>
				<key>fileRef</key>
				<string>FE21652EB4E3810AE6860C3A</string>
				<key>isa</key>
				<string>PBXBuildFile</string>
			</dict>
			<key>FE21652EB4E3810AE6860C3A</key>
			<dict>
				<key>explicitFileType</key>
				<string>sourcecode.c.c</string>
				<key>fileEncoding</key>
				<string>30</string>
				<key>isa</key>
				<string>PBXFileReference</string>
				<key>name</key>
				<string>max31855.c</string>
				<key>path</key>
				<string>../../../addons/ofxWiringPi/libs/wiringPi/src/max31855.c</string>
				<key>sourceTree</key>
				<string>SOURCE_ROOT</string>
			</dict>
			<key>DA285AEEBF6C7CB9E1EA1798</key>
			<dict>
				<key>explicitFileType</key>
				<string>sourcecode.c.h</string>
				<key>fileEncoding</key>
				<string>30</string>
				<key>isa</key>
				<string>PBXFileReference</string>
				<key>name</key>
				<string>drcSerial.h</string>
				<key>path</key>
				<string>../../../addons/ofxWiringPi/libs/wiringPi/src/drcSerial.h</string>
				<key>sourceTree</key>
				<string>SOURCE_ROOT</string>
			</dict>
			<key>B04D319172750C16923FAC5A</key>
			<dict>
				<key>fileRef</key>
				<string>70972DBDEA21AD0AD43A8C09</string>
				<key>isa</key>
				<string>PBXBuildFile</string>
			</dict>
			<key>70972DBDEA21AD0AD43A8C09</key>
			<dict>
				<key>explicitFileType</key>
				<string>sourcecode.c.c</string>
				<key>fileEncoding</key>
				<string>30</string>
				<key>isa</key>
				<string>PBXFileReference</string>
				<key>name</key>
				<string>drcSerial.c</string>
				<key>path</key>
				<string>../../../addons/ofxWiringPi/libs/wiringPi/src/drcSerial.c</string>
				<key>sourceTree</key>
				<string>SOURCE_ROOT</string>
			</dict>
			<key>954161267CBCAF637CF65153</key>
			<dict>
				<key>explicitFileType</key>
				<string>sourcecode.c.h</string>
				<key>fileEncoding</key>
				<string>30</string>
				<key>isa</key>
				<string>PBXFileReference</string>
				<key>name</key>
				<string>ads1115.h</string>
				<key>path</key>
				<string>../../../addons/ofxWiringPi/libs/wiringPi/src/ads1115.h</string>
				<key>sourceTree</key>
				<string>SOURCE_ROOT</string>
			</dict>
			<key>A68622A3CDADC51CE7EA4127</key>
			<dict>
				<key>children</key>
				<array>
					<string>AEECBB4A80AE608928EF530A</string>
					<string>954161267CBCAF637CF65153</string>
					<string>70972DBDEA21AD0AD43A8C09</string>
					<string>DA285AEEBF6C7CB9E1EA1798</string>
					<string>FE21652EB4E3810AE6860C3A</string>
					<string>E660A310A68F215B4F1BFC68</string>
					<string>CFB480A7E0AEDE58C0DD05BA</string>
					<string>F0242E6377A665E6E47C4399</string>
					<string>0CE11B0E733714C20794CE1B</string>
					<string>B4BAE0AFA6359B3067BC3C56</string>
					<string>F1444538D3353E53F65BDA28</string>
					<string>EB2C45DF669C11ED6F6D9933</string>
					<string>C68E529B63CB686003FE59F3</string>
					<string>5C9FC7D00851D8DFB9C0A330</string>
					<string>5F9DC4D5D87586E64B8E467A</string>
					<string>B1F886EC0CBC5B0C92B73329</string>
					<string>533ED34B88808678EC8454B8</string>
					<string>6637B12F261A3B68A513F38B</string>
					<string>95034F1E3DC4BFB2903D3B89</string>
					<string>449C045E6F9DB4EEE278EF3A</string>
					<string>D2672F186C893ECCE6ACDB80</string>
					<string>F9210CF63676C35EC082409E</string>
					<string>6CDD45EE3DF81F490B129BA4</string>
					<string>04671A1F50DB2FB70630C6C7</string>
					<string>F4D78930BE5AA1A7915CA08F</string>
					<string>4D89DF8E19209CDA5F0631B3</string>
					<string>4E68475A30F0B33B566F100D</string>
					<string>BC0F046210760CC26AE3C5E5</string>
					<string>1692C59C78FBD69226431CDC</string>
					<string>8D5E5C3ADA0D3ECD8E3296D3</string>
					<string>E01A22E8BA347BE1F5363EA9</string>
					<string>5A7A93AAFD8F00D7786F4CA1</string>
					<string>B5CA8132295B2DD7ED709257</string>
					<string>2137B4D2BE0CBC1EA368C029</string>
					<string>EDD5904C17AF5CEACD84BF37</string>
					<string>C05D52EA6D482F54B06AC400</string>
					<string>04D9C58C5CB1E8429278C1F8</string>
					<string>4BF391A2118DCE6587E36E90</string>
					<string>2E2A99730070CAE741E5C37D</string>
					<string>CD7E4A3CA0D37575D7C1CD06</string>
					<string>9B0178BEF816581B83C20CE7</string>
					<string>3AA152360AA36B0180A08364</string>
					<string>82E715EC3546A8AD6ACF8FED</string>
					<string>E548F8DAF3A0D02E14A855E0</string>
					<string>968AA44C8B93415C412A84FC</string>
					<string>010B3504AD24A7A21353CB16</string>
					<string>1B568103904E8C744BF5D249</string>
					<string>B7BB6E94C5ECA4CA49E3ADE2</string>
					<string>1E886C8856D41EC5A7B5F8DF</string>
					<string>11DC80BECD20CD278910B2A5</string>
					<string>EBC21A1AE06732E1592A7285</string>
					<string>B4906C2006FA75EC3F274AFE</string>
					<string>53B7AE202E066135A55B9EB8</string>
					<string>E456A6BDD274C8BD8D6A5D57</string>
					<string>01E02FA2F4E1464A1644FFB3</string>
					<string>B04F0D932EE7D1F04B06D8D0</string>
					<string>D0E0B0296DDADDB39F8EA147</string>
				</array>
				<key>isa</key>
				<string>PBXGroup</string>
				<key>name</key>
				<string>src</string>
				<key>sourceTree</key>
				<string>&lt;group&gt;</string>
			</dict>
			<key>619750DB05CE72E82D05F2FF</key>
			<dict>
				<key>children</key>
				<array>
					<string>A68622A3CDADC51CE7EA4127</string>
				</array>
				<key>isa</key>
				<string>PBXGroup</string>
				<key>name</key>
				<string>wiringPi</string>
				<key>sourceTree</key>
				<string>&lt;group&gt;</string>
			</dict>
			<key>87FD8A1A4B5082D5202A19B3</key>
			<dict>
				<key>children</key>
				<array>
					<string>619750DB05CE72E82D05F2FF</string>
				</array>
				<key>isa</key>
				<string>PBXGroup</string>
				<key>name</key>
				<string>libs</string>
				<key>sourceTree</key>
				<string>&lt;group&gt;</string>
			</dict>
			<key>C1368282E913A586609D54E5</key>
			<dict>
				<key>fileRef</key>
				<string>AEECBB4A80AE608928EF530A</string>
				<key>isa</key>
				<string>PBXBuildFile</string>
			</dict>
			<key>AEECBB4A80AE608928EF530A</key>
			<dict>
				<key>explicitFileType</key>
				<string>sourcecode.c.c</string>
				<key>fileEncoding</key>
				<string>30</string>
				<key>isa</key>
				<string>PBXFileReference</string>
				<key>name</key>
				<string>ads1115.c</string>
				<key>path</key>
				<string>../../../addons/ofxWiringPi/libs/wiringPi/src/ads1115.c</string>
				<key>sourceTree</key>
				<string>SOURCE_ROOT</string>
			</dict>
			<key>1552F8EA38D45C4D17AD403C</key>
			<dict>
				<key>children</key>
				<array>
					<string>F4D2D6471594E6720E9DF499</string>
				</array>
				<key>isa</key>
				<string>PBXGroup</string>
				<key>name</key>
				<string>src</string>
				<key>sourceTree</key>
				<string>&lt;group&gt;</string>
			</dict>
			<key>4B315FF1C0B6D96AB84F4E56</key>
			<dict>
				<key>children</key>
				<array>
					<string>1552F8EA38D45C4D17AD403C</string>
					<string>87FD8A1A4B5082D5202A19B3</string>
				</array>
				<key>isa</key>
				<string>PBXGroup</string>
				<key>name</key>
				<string>ofxWiringPi</string>
				<key>sourceTree</key>
				<string>&lt;group&gt;</string>
			</dict>
			<key>F4D2D6471594E6720E9DF499</key>
			<dict>
				<key>explicitFileType</key>
				<string>sourcecode.c.h</string>
				<key>fileEncoding</key>
				<string>30</string>
				<key>isa</key>
				<string>PBXFileReference</string>
				<key>name</key>
				<string>ofxWiringPi.h</string>
				<key>path</key>
				<string>../../../addons/ofxWiringPi/src/ofxWiringPi.h</string>
				<key>sourceTree</key>
				<string>SOURCE_ROOT</string>
			</dict>
			<key>CCD326ED8E01272042317DD2</key>
			<dict>
				<key>fileRef</key>
				<string>8A781C912CD5B01022F6BB2C</string>
				<key>isa</key>
				<string>PBXBuildFile</string>
			</dict>
			<key>8A781C912CD5B01022F6BB2C</key>
			<dict>
				<key>explicitFileType</key>
				<string>sourcecode.cpp.cpp</string>
				<key>fileEncoding</key>
				<string>30</string>
				<key>isa</key>
				<string>PBXFileReference</string>
				<key>name</key>
				<string>Util.cpp</string>
				<key>path</key>
				<string>../../../addons/ofxLibwebsockets/libs/ofxLibwebsockets/src/Util.cpp</string>
				<key>sourceTree</key>
				<string>SOURCE_ROOT</string>
			</dict>
			<key>F3AD9E2A2E56B6AF32A0BDAF</key>
			<dict>
				<key>fileRef</key>
				<string>5D95092D59E7A34C9DB7823E</string>
				<key>isa</key>
				<string>PBXBuildFile</string>
			</dict>
			<key>5D95092D59E7A34C9DB7823E</key>
			<dict>
				<key>explicitFileType</key>
				<string>sourcecode.cpp.cpp</string>
				<key>fileEncoding</key>
				<string>30</string>
				<key>isa</key>
				<string>PBXFileReference</string>
				<key>name</key>
				<string>Server.cpp</string>
				<key>path</key>
				<string>../../../addons/ofxLibwebsockets/libs/ofxLibwebsockets/src/Server.cpp</string>
				<key>sourceTree</key>
				<string>SOURCE_ROOT</string>
			</dict>
			<key>6D73A566CFEC0B462FE6E43C</key>
			<dict>
				<key>fileRef</key>
				<string>2232A9453E355593EF36ADA7</string>
				<key>isa</key>
				<string>PBXBuildFile</string>
			</dict>
			<key>2232A9453E355593EF36ADA7</key>
			<dict>
				<key>explicitFileType</key>
				<string>sourcecode.cpp.cpp</string>
				<key>fileEncoding</key>
				<string>30</string>
				<key>isa</key>
				<string>PBXFileReference</string>
				<key>name</key>
				<string>Reactor.cpp</string>
				<key>path</key>
				<string>../../../addons/ofxLibwebsockets/libs/ofxLibwebsockets/src/Reactor.cpp</string>
				<key>sourceTree</key>
				<string>SOURCE_ROOT</string>
			</dict>
			<key>86135253DC7909CA8590E157</key>
			<dict>
				<key>fileRef</key>
				<string>57EEFEC8B85F7C3B15DD45A4</string>
				<key>isa</key>
				<string>PBXBuildFile</string>
			</dict>
			<key>57EEFEC8B85F7C3B15DD45A4</key>
			<dict>
				<key>explicitFileType</key>
				<string>sourcecode.cpp.cpp</string>
				<key>fileEncoding</key>
				<string>30</string>
				<key>isa</key>
				<string>PBXFileReference</string>
				<key>name</key>
				<string>Protocol.cpp</string>
				<key>path</key>
				<string>../../../addons/ofxLibwebsockets/libs/ofxLibwebsockets/src/Protocol.cpp</string>
				<key>sourceTree</key>
				<string>SOURCE_ROOT</string>
			</dict>
			<key>F1AC6AEFB9B93C6AC45C9CA8</key>
			<dict>
				<key>fileRef</key>
				<string>34A70E2C091020EE93F6B1CE</string>
				<key>isa</key>
				<string>PBXBuildFile</string>
			</dict>
			<key>34A70E2C091020EE93F6B1CE</key>
			<dict>
				<key>explicitFileType</key>
				<string>sourcecode.cpp.cpp</string>
				<key>fileEncoding</key>
				<string>30</string>
				<key>isa</key>
				<string>PBXFileReference</string>
				<key>name</key>
				<string>Events.cpp</string>
				<key>path</key>
				<string>../../../addons/ofxLibwebsockets/libs/ofxLibwebsockets/src/Events.cpp</string>
				<key>sourceTree</key>
				<string>SOURCE_ROOT</string>
			</dict>
			<key>A78C77753D562AE8F0E928ED</key>
			<dict>
				<key>fileRef</key>
				<string>EDF52649DEB8D25CA011EB41</string>
				<key>isa</key>
				<string>PBXBuildFile</string>
			</dict>
			<key>EDF52649DEB8D25CA011EB41</key>
			<dict>
				<key>explicitFileType</key>
				<string>sourcecode.cpp.cpp</string>
				<key>fileEncoding</key>
				<string>30</string>
				<key>isa</key>
				<string>PBXFileReference</string>
				<key>name</key>
				<string>Connection.cpp</string>
				<key>path</key>
				<string>../../../addons/ofxLibwebsockets/libs/ofxLibwebsockets/src/Connection.cpp</string>
				<key>sourceTree</key>
				<string>SOURCE_ROOT</string>
			</dict>
			<key>213FDE476BBC2B9B0347CC2F</key>
			<dict>
				<key>children</key>
				<array>
					<string>EE5E38D74C62B19279B65BC7</string>
					<string>EDF52649DEB8D25CA011EB41</string>
					<string>34A70E2C091020EE93F6B1CE</string>
					<string>57EEFEC8B85F7C3B15DD45A4</string>
					<string>2232A9453E355593EF36ADA7</string>
					<string>5D95092D59E7A34C9DB7823E</string>
					<string>8A781C912CD5B01022F6BB2C</string>
				</array>
				<key>isa</key>
				<string>PBXGroup</string>
				<key>name</key>
				<string>src</string>
				<key>sourceTree</key>
				<string>&lt;group&gt;</string>
			</dict>
			<key>C6C3882A0B0872D1485F3874</key>
			<dict>
				<key>fileRef</key>
				<string>EE5E38D74C62B19279B65BC7</string>
				<key>isa</key>
				<string>PBXBuildFile</string>
			</dict>
			<key>EE5E38D74C62B19279B65BC7</key>
			<dict>
				<key>explicitFileType</key>
				<string>sourcecode.cpp.cpp</string>
				<key>fileEncoding</key>
				<string>30</string>
				<key>isa</key>
				<string>PBXFileReference</string>
				<key>name</key>
				<string>Client.cpp</string>
				<key>path</key>
				<string>../../../addons/ofxLibwebsockets/libs/ofxLibwebsockets/src/Client.cpp</string>
				<key>sourceTree</key>
				<string>SOURCE_ROOT</string>
			</dict>
			<key>BA9FA17BACE0BC9114A35A23</key>
			<dict>
				<key>explicitFileType</key>
				<string>sourcecode.c.h</string>
				<key>fileEncoding</key>
				<string>30</string>
				<key>isa</key>
				<string>PBXFileReference</string>
				<key>name</key>
				<string>Util.h</string>
				<key>path</key>
				<string>../../../addons/ofxLibwebsockets/libs/ofxLibwebsockets/include/ofxLibwebsockets/Util.h</string>
				<key>sourceTree</key>
				<string>SOURCE_ROOT</string>
			</dict>
			<key>1816162DC196322C5D709C96</key>
			<dict>
				<key>explicitFileType</key>
				<string>sourcecode.c.h</string>
				<key>fileEncoding</key>
				<string>30</string>
				<key>isa</key>
				<string>PBXFileReference</string>
				<key>name</key>
				<string>Server.h</string>
				<key>path</key>
				<string>../../../addons/ofxLibwebsockets/libs/ofxLibwebsockets/include/ofxLibwebsockets/Server.h</string>
				<key>sourceTree</key>
				<string>SOURCE_ROOT</string>
			</dict>
			<key>C77AD7EDA10FC3E9FE9365EF</key>
			<dict>
				<key>explicitFileType</key>
				<string>sourcecode.c.h</string>
				<key>fileEncoding</key>
				<string>30</string>
				<key>isa</key>
				<string>PBXFileReference</string>
				<key>name</key>
				<string>Reactor.h</string>
				<key>path</key>
				<string>../../../addons/ofxLibwebsockets/libs/ofxLibwebsockets/include/ofxLibwebsockets/Reactor.h</string>
				<key>sourceTree</key>
				<string>SOURCE_ROOT</string>
			</dict>
			<key>CF4075AE08DCC901080970F7</key>
			<dict>
				<key>explicitFileType</key>
				<string>sourcecode.c.h</string>
				<key>fileEncoding</key>
				<string>30</string>
				<key>isa</key>
				<string>PBXFileReference</string>
				<key>name</key>
				<string>Protocol.h</string>
				<key>path</key>
				<string>../../../addons/ofxLibwebsockets/libs/ofxLibwebsockets/include/ofxLibwebsockets/Protocol.h</string>
				<key>sourceTree</key>
				<string>SOURCE_ROOT</string>
			</dict>
			<key>A881453E52CE0251DEC076CD</key>
			<dict>
				<key>explicitFileType</key>
				<string>sourcecode.c.h</string>
				<key>fileEncoding</key>
				<string>30</string>
				<key>isa</key>
				<string>PBXFileReference</string>
				<key>name</key>
				<string>Events.h</string>
				<key>path</key>
				<string>../../../addons/ofxLibwebsockets/libs/ofxLibwebsockets/include/ofxLibwebsockets/Events.h</string>
				<key>sourceTree</key>
				<string>SOURCE_ROOT</string>
			</dict>
			<key>8A7A54FC0AEF8A0E41CFF07C</key>
			<dict>
				<key>explicitFileType</key>
				<string>sourcecode.c.h</string>
				<key>fileEncoding</key>
				<string>30</string>
				<key>isa</key>
				<string>PBXFileReference</string>
				<key>name</key>
				<string>Connection.h</string>
				<key>path</key>
				<string>../../../addons/ofxLibwebsockets/libs/ofxLibwebsockets/include/ofxLibwebsockets/Connection.h</string>
				<key>sourceTree</key>
				<string>SOURCE_ROOT</string>
			</dict>
			<key>557E2A608249176E0784E609</key>
			<dict>
				<key>children</key>
				<array>
					<string>E3261A85562BD2578300F23E</string>
					<string>8A7A54FC0AEF8A0E41CFF07C</string>
					<string>A881453E52CE0251DEC076CD</string>
					<string>CF4075AE08DCC901080970F7</string>
					<string>C77AD7EDA10FC3E9FE9365EF</string>
					<string>1816162DC196322C5D709C96</string>
					<string>BA9FA17BACE0BC9114A35A23</string>
				</array>
				<key>isa</key>
				<string>PBXGroup</string>
				<key>name</key>
				<string>ofxLibwebsockets</string>
				<key>sourceTree</key>
				<string>&lt;group&gt;</string>
			</dict>
			<key>108C8D494BF6997F7A730F6E</key>
			<dict>
				<key>children</key>
				<array>
					<string>557E2A608249176E0784E609</string>
				</array>
				<key>isa</key>
				<string>PBXGroup</string>
				<key>name</key>
				<string>include</string>
				<key>sourceTree</key>
				<string>&lt;group&gt;</string>
			</dict>
			<key>AB97697EC6F10E7234EFF261</key>
			<dict>
				<key>children</key>
				<array>
					<string>108C8D494BF6997F7A730F6E</string>
					<string>213FDE476BBC2B9B0347CC2F</string>
				</array>
				<key>isa</key>
				<string>PBXGroup</string>
				<key>name</key>
				<string>ofxLibwebsockets</string>
				<key>sourceTree</key>
				<string>&lt;group&gt;</string>
			</dict>
			<key>E3261A85562BD2578300F23E</key>
			<dict>
				<key>explicitFileType</key>
				<string>sourcecode.c.h</string>
				<key>fileEncoding</key>
				<string>30</string>
				<key>isa</key>
				<string>PBXFileReference</string>
				<key>name</key>
				<string>Client.h</string>
				<key>path</key>
				<string>../../../addons/ofxLibwebsockets/libs/ofxLibwebsockets/include/ofxLibwebsockets/Client.h</string>
				<key>sourceTree</key>
				<string>SOURCE_ROOT</string>
			</dict>
			<key>D31CF822CBBBE0B7167F4738</key>
			<dict>
				<key>explicitFileType</key>
				<string>sourcecode.c.h</string>
				<key>fileEncoding</key>
				<string>30</string>
				<key>isa</key>
				<string>PBXFileReference</string>
				<key>name</key>
				<string>lws_config.h</string>
				<key>path</key>
				<string>../../../addons/ofxLibwebsockets/libs/libwebsockets/include/lws_config.h</string>
				<key>sourceTree</key>
				<string>SOURCE_ROOT</string>
			</dict>
			<key>18FCCFAA3CEB7C78C4BFC512</key>
			<dict>
				<key>children</key>
				<array>
					<string>75DCA31CF0745355CC4AD2DD</string>
					<string>D31CF822CBBBE0B7167F4738</string>
				</array>
				<key>isa</key>
				<string>PBXGroup</string>
				<key>name</key>
				<string>include</string>
				<key>sourceTree</key>
				<string>&lt;group&gt;</string>
			</dict>
			<key>CB67BAA20E44B0F45701C777</key>
			<dict>
				<key>children</key>
				<array>
					<string>18FCCFAA3CEB7C78C4BFC512</string>
				</array>
				<key>isa</key>
				<string>PBXGroup</string>
				<key>name</key>
				<string>libwebsockets</string>
				<key>sourceTree</key>
				<string>&lt;group&gt;</string>
			</dict>
			<key>75DCA31CF0745355CC4AD2DD</key>
			<dict>
				<key>explicitFileType</key>
				<string>sourcecode.c.h</string>
				<key>fileEncoding</key>
				<string>30</string>
				<key>isa</key>
				<string>PBXFileReference</string>
				<key>name</key>
				<string>libwebsockets.h</string>
				<key>path</key>
				<string>../../../addons/ofxLibwebsockets/libs/libwebsockets/include/libwebsockets.h</string>
				<key>sourceTree</key>
				<string>SOURCE_ROOT</string>
			</dict>
			<key>9EF1133BC23669A5C94FE30F</key>
			<dict>
				<key>fileRef</key>
				<string>69668FDE141262BC3C6CA929</string>
				<key>isa</key>
				<string>PBXBuildFile</string>
			</dict>
			<key>69668FDE141262BC3C6CA929</key>
			<dict>
				<key>explicitFileType</key>
				<string>sourcecode.cpp.cpp</string>
				<key>fileEncoding</key>
				<string>30</string>
				<key>isa</key>
				<string>PBXFileReference</string>
				<key>name</key>
				<string>jsoncpp.cpp</string>
				<key>path</key>
				<string>../../../addons/ofxLibwebsockets/libs/jsoncpp/jsoncpp.cpp</string>
				<key>sourceTree</key>
				<string>SOURCE_ROOT</string>
			</dict>
			<key>EC14FAAFBB1143E1C64BF2C3</key>
			<dict>
				<key>explicitFileType</key>
				<string>sourcecode.c.h</string>
				<key>fileEncoding</key>
				<string>30</string>
				<key>isa</key>
				<string>PBXFileReference</string>
				<key>name</key>
				<string>json.h</string>
				<key>path</key>
				<string>../../../addons/ofxLibwebsockets/libs/jsoncpp/json/json.h</string>
				<key>sourceTree</key>
				<string>SOURCE_ROOT</string>
			</dict>
			<key>12CA34DA3B4F71871CBFA23A</key>
			<dict>
				<key>children</key>
				<array>
					<string>123354539C152F1EE3FFC190</string>
					<string>EC14FAAFBB1143E1C64BF2C3</string>
				</array>
				<key>isa</key>
				<string>PBXGroup</string>
				<key>name</key>
				<string>json</string>
				<key>sourceTree</key>
				<string>&lt;group&gt;</string>
			</dict>
			<key>5AC16A8D6EC87B59A03906C1</key>
			<dict>
				<key>children</key>
				<array>
					<string>12CA34DA3B4F71871CBFA23A</string>
					<string>69668FDE141262BC3C6CA929</string>
				</array>
				<key>isa</key>
				<string>PBXGroup</string>
				<key>name</key>
				<string>jsoncpp</string>
				<key>sourceTree</key>
				<string>&lt;group&gt;</string>
			</dict>
			<key>70911A54686309FC932B3014</key>
			<dict>
				<key>children</key>
				<array>
					<string>5AC16A8D6EC87B59A03906C1</string>
					<string>CB67BAA20E44B0F45701C777</string>
					<string>AB97697EC6F10E7234EFF261</string>
				</array>
				<key>isa</key>
				<string>PBXGroup</string>
				<key>name</key>
				<string>libs</string>
				<key>sourceTree</key>
				<string>&lt;group&gt;</string>
			</dict>
			<key>123354539C152F1EE3FFC190</key>
			<dict>
				<key>explicitFileType</key>
				<string>sourcecode.c.h</string>
				<key>fileEncoding</key>
				<string>30</string>
				<key>isa</key>
				<string>PBXFileReference</string>
				<key>name</key>
				<string>json-forwards.h</string>
				<key>path</key>
				<string>../../../addons/ofxLibwebsockets/libs/jsoncpp/json/json-forwards.h</string>
				<key>sourceTree</key>
				<string>SOURCE_ROOT</string>
			</dict>
			<key>97B6E31FFC746B023496BB48</key>
			<dict>
				<key>children</key>
				<array>
					<string>330298EC4A89DC9282754FBC</string>
				</array>
				<key>isa</key>
				<string>PBXGroup</string>
				<key>name</key>
				<string>src</string>
				<key>sourceTree</key>
				<string>&lt;group&gt;</string>
			</dict>
			<key>AAE50E341C7382A4EF10AF5A</key>
			<dict>
				<key>children</key>
				<array>
					<string>97B6E31FFC746B023496BB48</string>
					<string>70911A54686309FC932B3014</string>
				</array>
				<key>isa</key>
				<string>PBXGroup</string>
				<key>name</key>
				<string>ofxLibwebsockets</string>
				<key>sourceTree</key>
				<string>&lt;group&gt;</string>
			</dict>
			<key>330298EC4A89DC9282754FBC</key>
			<dict>
				<key>explicitFileType</key>
				<string>sourcecode.c.h</string>
				<key>fileEncoding</key>
				<string>30</string>
				<key>isa</key>
				<string>PBXFileReference</string>
				<key>name</key>
				<string>ofxLibwebsockets.h</string>
				<key>path</key>
				<string>../../../addons/ofxLibwebsockets/src/ofxLibwebsockets.h</string>
				<key>sourceTree</key>
				<string>SOURCE_ROOT</string>
			</dict>
			<key>C289A197A77763253553838C</key>
			<dict>
				<key>fileRef</key>
				<string>0A3EDDB5B3D6026054B9A5A8</string>
				<key>isa</key>
				<string>PBXBuildFile</string>
			</dict>
			<key>0A3EDDB5B3D6026054B9A5A8</key>
			<dict>
				<key>explicitFileType</key>
				<string>sourcecode.c.c</string>
				<key>fileEncoding</key>
				<string>30</string>
				<key>isa</key>
				<string>PBXFileReference</string>
				<key>name</key>
				<string>apa102_anim.c</string>
				<key>path</key>
				<string>../../../addons/ofxLibApa102/libs/libapa102/src/apa102_anim.c</string>
				<key>sourceTree</key>
				<string>SOURCE_ROOT</string>
			</dict>
			<key>D1984979D69C813B9E18E389</key>
			<dict>
				<key>explicitFileType</key>
				<string>sourcecode.c.h</string>
				<key>fileEncoding</key>
				<string>30</string>
				<key>isa</key>
				<string>PBXFileReference</string>
				<key>name</key>
				<string>apa102.h</string>
				<key>path</key>
				<string>../../../addons/ofxLibApa102/libs/libapa102/src/apa102.h</string>
				<key>sourceTree</key>
				<string>SOURCE_ROOT</string>
			</dict>
			<key>6C68ECDC04E9F5FCC2A63457</key>
			<dict>
				<key>children</key>
				<array>
					<string>CC644FB3DC9D15180A6CAA39</string>
					<string>D1984979D69C813B9E18E389</string>
					<string>0A3EDDB5B3D6026054B9A5A8</string>
				</array>
				<key>isa</key>
				<string>PBXGroup</string>
				<key>name</key>
				<string>src</string>
				<key>sourceTree</key>
				<string>&lt;group&gt;</string>
			</dict>
			<key>2358C4B6D672FEEA5AB5BCAE</key>
			<dict>
				<key>children</key>
				<array>
					<string>6C68ECDC04E9F5FCC2A63457</string>
				</array>
				<key>isa</key>
				<string>PBXGroup</string>
				<key>name</key>
				<string>libapa102</string>
				<key>sourceTree</key>
				<string>&lt;group&gt;</string>
			</dict>
			<key>3E89D2DEBAB42EDDBEE5C1C0</key>
			<dict>
				<key>children</key>
				<array>
					<string>2358C4B6D672FEEA5AB5BCAE</string>
				</array>
				<key>isa</key>
				<string>PBXGroup</string>
				<key>name</key>
				<string>libs</string>
				<key>sourceTree</key>
				<string>&lt;group&gt;</string>
			</dict>
			<key>35026F228D8FC33A9F491C21</key>
			<dict>
				<key>fileRef</key>
				<string>CC644FB3DC9D15180A6CAA39</string>
				<key>isa</key>
				<string>PBXBuildFile</string>
			</dict>
			<key>CC644FB3DC9D15180A6CAA39</key>
			<dict>
				<key>explicitFileType</key>
				<string>sourcecode.c.c</string>
				<key>fileEncoding</key>
				<string>30</string>
				<key>isa</key>
				<string>PBXFileReference</string>
				<key>name</key>
				<string>apa102.c</string>
				<key>path</key>
				<string>../../../addons/ofxLibApa102/libs/libapa102/src/apa102.c</string>
				<key>sourceTree</key>
				<string>SOURCE_ROOT</string>
			</dict>
			<key>3E2DCE01BCF0264F630DF0E9</key>
			<dict>
				<key>explicitFileType</key>
				<string>sourcecode.c.h</string>
				<key>fileEncoding</key>
				<string>30</string>
				<key>isa</key>
				<string>PBXFileReference</string>
				<key>name</key>
				<string>ofxLibApa102.h</string>
				<key>path</key>
				<string>../../../addons/ofxLibApa102/src/ofxLibApa102.h</string>
				<key>sourceTree</key>
				<string>SOURCE_ROOT</string>
			</dict>
			<key>809A7DDAA9EEBD09E71FD023</key>
			<dict>
				<key>explicitFileType</key>
				<string>sourcecode.c.h</string>
				<key>fileEncoding</key>
				<string>30</string>
				<key>isa</key>
				<string>PBXFileReference</string>
				<key>name</key>
				<string>ofxAPA102.h</string>
				<key>path</key>
				<string>../../../addons/ofxLibApa102/src/ofxAPA102.h</string>
				<key>sourceTree</key>
				<string>SOURCE_ROOT</string>
			</dict>
			<key>1A566B2A79ED051213DF63FB</key>
			<dict>
				<key>fileRef</key>
				<string>32F16122F177C5E1273946B0</string>
				<key>isa</key>
				<string>PBXBuildFile</string>
			</dict>
			<key>32F16122F177C5E1273946B0</key>
			<dict>
				<key>explicitFileType</key>
				<string>sourcecode.cpp.cpp</string>
				<key>fileEncoding</key>
				<string>30</string>
				<key>isa</key>
				<string>PBXFileReference</string>
				<key>name</key>
				<string>ofxAPA102.cpp</string>
				<key>path</key>
				<string>../../../addons/ofxLibApa102/src/ofxAPA102.cpp</string>
				<key>sourceTree</key>
				<string>SOURCE_ROOT</string>
			</dict>
			<key>057D5972BAB4E3532CF81267</key>
			<dict>
				<key>explicitFileType</key>
				<string>sourcecode.c.h</string>
				<key>fileEncoding</key>
				<string>30</string>
				<key>isa</key>
				<string>PBXFileReference</string>
				<key>name</key>
				<string>ImagePOV.h</string>
				<key>path</key>
				<string>../../../addons/ofxLibApa102/src/ImagePOV.h</string>
				<key>sourceTree</key>
				<string>SOURCE_ROOT</string>
			</dict>
			<key>3DBEF402F809C371FAC871E7</key>
			<dict>
				<key>fileRef</key>
				<string>897DA3F84E94E097289C3F6C</string>
				<key>isa</key>
				<string>PBXBuildFile</string>
			</dict>
			<key>897DA3F84E94E097289C3F6C</key>
			<dict>
				<key>explicitFileType</key>
				<string>sourcecode.cpp.cpp</string>
				<key>fileEncoding</key>
				<string>30</string>
				<key>isa</key>
				<string>PBXFileReference</string>
				<key>name</key>
				<string>ImagePOV.cpp</string>
				<key>path</key>
				<string>../../../addons/ofxLibApa102/src/ImagePOV.cpp</string>
				<key>sourceTree</key>
				<string>SOURCE_ROOT</string>
			</dict>
			<key>30BE5E8B58088F5D6535C533</key>
			<dict>
				<key>children</key>
				<array>
					<string>6ABAB37BBCE137B77A8A164E</string>
					<string>897DA3F84E94E097289C3F6C</string>
					<string>057D5972BAB4E3532CF81267</string>
					<string>32F16122F177C5E1273946B0</string>
					<string>809A7DDAA9EEBD09E71FD023</string>
					<string>3E2DCE01BCF0264F630DF0E9</string>
				</array>
				<key>isa</key>
				<string>PBXGroup</string>
				<key>name</key>
				<string>src</string>
				<key>sourceTree</key>
				<string>&lt;group&gt;</string>
			</dict>
			<key>DA071E053D76F309CD6F329D</key>
			<dict>
				<key>children</key>
				<array>
					<string>30BE5E8B58088F5D6535C533</string>
					<string>3E89D2DEBAB42EDDBEE5C1C0</string>
				</array>
				<key>isa</key>
				<string>PBXGroup</string>
				<key>name</key>
				<string>ofxLibApa102</string>
				<key>sourceTree</key>
				<string>&lt;group&gt;</string>
			</dict>
			<key>6ABAB37BBCE137B77A8A164E</key>
			<dict>
				<key>explicitFileType</key>
				<string>sourcecode.c.h</string>
				<key>fileEncoding</key>
				<string>30</string>
				<key>isa</key>
				<string>PBXFileReference</string>
				<key>name</key>
				<string>easyPIO.h</string>
				<key>path</key>
				<string>../../../addons/ofxLibApa102/src/easyPIO.h</string>
				<key>sourceTree</key>
				<string>SOURCE_ROOT</string>
			</dict>
			<key>0FD670B975581BBFADB2285B</key>
			<dict>
				<key>explicitFileType</key>
				<string>sourcecode.c.h</string>
				<key>fileEncoding</key>
				<string>30</string>
				<key>isa</key>
				<string>PBXFileReference</string>
				<key>name</key>
				<string>IPVideoGrabber.h</string>
				<key>path</key>
				<string>../../../addons/ofxIpVideoGrabber/src/IPVideoGrabber.h</string>
				<key>sourceTree</key>
				<string>SOURCE_ROOT</string>
			</dict>
			<key>D9736FAEDF24C405D46CA701</key>
			<dict>
				<key>children</key>
				<array>
					<string>0B79573447F20E8D2AEA5579</string>
					<string>0FD670B975581BBFADB2285B</string>
				</array>
				<key>isa</key>
				<string>PBXGroup</string>
				<key>name</key>
				<string>src</string>
				<key>sourceTree</key>
				<string>&lt;group&gt;</string>
			</dict>
			<key>21EBD5CB6543DF5A6F5B2E37</key>
			<dict>
				<key>children</key>
				<array>
					<string>D9736FAEDF24C405D46CA701</string>
				</array>
				<key>isa</key>
				<string>PBXGroup</string>
				<key>name</key>
				<string>ofxIpVideoGrabber</string>
				<key>sourceTree</key>
				<string>&lt;group&gt;</string>
			</dict>
			<key>9E3B00A65D0419AC33A0FE47</key>
			<dict>
				<key>fileRef</key>
				<string>0B79573447F20E8D2AEA5579</string>
				<key>isa</key>
				<string>PBXBuildFile</string>
			</dict>
			<key>0B79573447F20E8D2AEA5579</key>
			<dict>
				<key>explicitFileType</key>
				<string>sourcecode.cpp.cpp</string>
				<key>fileEncoding</key>
				<string>30</string>
				<key>isa</key>
				<string>PBXFileReference</string>
				<key>name</key>
				<string>IPVideoGrabber.cpp</string>
				<key>path</key>
				<string>../../../addons/ofxIpVideoGrabber/src/IPVideoGrabber.cpp</string>
				<key>sourceTree</key>
				<string>SOURCE_ROOT</string>
			</dict>
			<key>6948EE371B920CB800B5AC1A</key>
			<dict>
				<key>children</key>
				<array />
				<key>isa</key>
				<string>PBXGroup</string>
				<key>name</key>
				<string>local_addons</string>
				<key>sourceTree</key>
				<string>&lt;group&gt;</string>
			</dict>
			<key>BB4B014C10F69532006C3DED</key>
			<dict>
				<key>children</key>
				<array>
					<string>21EBD5CB6543DF5A6F5B2E37</string>
					<string>DA071E053D76F309CD6F329D</string>
					<string>AAE50E341C7382A4EF10AF5A</string>
					<string>4B315FF1C0B6D96AB84F4E56</string>
				</array>
				<key>isa</key>
				<string>PBXGroup</string>
				<key>name</key>
				<string>addons</string>
				<key>sourceTree</key>
				<string>&lt;group&gt;</string>
			</dict>
			<key>E4328143138ABC890047C5CB</key>
			<dict>
				<key>isa</key>
				<string>PBXFileReference</string>
				<key>lastKnownFileType</key>
				<string>wrapper.pb-project</string>
				<key>name</key>
				<string>openFrameworksLib.xcodeproj</string>
				<key>path</key>
				<string>../../../libs/openFrameworksCompiled/project/osx/openFrameworksLib.xcodeproj</string>
				<key>sourceTree</key>
				<string>SOURCE_ROOT</string>
			</dict>
			<key>E4328144138ABC890047C5CB</key>
			<dict>
				<key>children</key>
				<array>
					<string>E4328148138ABC890047C5CB</string>
				</array>
				<key>isa</key>
				<string>PBXGroup</string>
				<key>name</key>
				<string>Products</string>
				<key>sourceTree</key>
				<string>&lt;group&gt;</string>
			</dict>
			<key>E4328147138ABC890047C5CB</key>
			<dict>
				<key>containerPortal</key>
				<string>E4328143138ABC890047C5CB</string>
				<key>isa</key>
				<string>PBXContainerItemProxy</string>
				<key>proxyType</key>
				<string>2</string>
				<key>remoteGlobalIDString</key>
				<string>E4B27C1510CBEB8E00536013</string>
				<key>remoteInfo</key>
				<string>openFrameworks</string>
			</dict>
			<key>E4328148138ABC890047C5CB</key>
			<dict>
				<key>fileType</key>
				<string>archive.ar</string>
				<key>isa</key>
				<string>PBXReferenceProxy</string>
				<key>path</key>
				<string>openFrameworksDebug.a</string>
				<key>remoteRef</key>
				<string>E4328147138ABC890047C5CB</string>
				<key>sourceTree</key>
				<string>BUILT_PRODUCTS_DIR</string>
			</dict>
			<key>E4328149138ABC9F0047C5CB</key>
			<dict>
				<key>fileRef</key>
				<string>E4328148138ABC890047C5CB</string>
				<key>isa</key>
				<string>PBXBuildFile</string>
			</dict>
			<key>E4B69B4A0A3A1720003C02F2</key>
			<dict>
				<key>children</key>
				<array>
					<string>E4B6FCAD0C3E899E008CF71C</string>
					<string>E4EB6923138AFD0F00A09F29</string>
					<string>E4B69E1C0A3A1BDC003C02F2</string>
					<string>E4EEC9E9138DF44700A80321</string>
					<string>BB4B014C10F69532006C3DED</string>
					<string>6948EE371B920CB800B5AC1A</string>
					<string>E4B69B5B0A3A1756003C02F2</string>
				</array>
				<key>isa</key>
				<string>PBXGroup</string>
				<key>sourceTree</key>
				<string>&lt;group&gt;</string>
			</dict>
			<key>E4B69B4C0A3A1720003C02F2</key>
			<dict>
				<key>attributes</key>
				<dict>
					<key>LastUpgradeCheck</key>
					<string>0600</string>
				</dict>
				<key>buildConfigurationList</key>
				<string>E4B69B4D0A3A1720003C02F2</string>
				<key>compatibilityVersion</key>
				<string>Xcode 3.2</string>
				<key>developmentRegion</key>
				<string>English</string>
				<key>hasScannedForEncodings</key>
				<string>0</string>
				<key>isa</key>
				<string>PBXProject</string>
				<key>knownRegions</key>
				<array>
					<string>English</string>
					<string>Japanese</string>
					<string>French</string>
					<string>German</string>
				</array>
				<key>mainGroup</key>
				<string>E4B69B4A0A3A1720003C02F2</string>
				<key>productRefGroup</key>
				<string>E4B69B4A0A3A1720003C02F2</string>
				<key>projectDirPath</key>
				<string />
				<key>projectReferences</key>
				<array>
					<dict>
						<key>ProductGroup</key>
						<string>E4328144138ABC890047C5CB</string>
						<key>ProjectRef</key>
						<string>E4328143138ABC890047C5CB</string>
					</dict>
				</array>
				<key>projectRoot</key>
				<string />
				<key>targets</key>
				<array>
					<string>E4B69B5A0A3A1756003C02F2</string>
				</array>
			</dict>
			<key>E4B69B4D0A3A1720003C02F2</key>
			<dict>
				<key>buildConfigurations</key>
				<array>
					<string>E4B69B4E0A3A1720003C02F2</string>
					<string>E4B69B4F0A3A1720003C02F2</string>
				</array>
				<key>defaultConfigurationIsVisible</key>
				<string>0</string>
				<key>defaultConfigurationName</key>
				<string>Release</string>
				<key>isa</key>
				<string>XCConfigurationList</string>
			</dict>
			<key>E4B69B4E0A3A1720003C02F2</key>
			<dict>
				<key>baseConfigurationReference</key>
				<string>E4EB6923138AFD0F00A09F29</string>
				<key>buildSettings</key>
				<dict>
					<key>OTHER_LDFLAGS</key>
					<array>
						<string>$(OF_CORE_FRAMEWORKS) $(OF_CORE_LIBS)</string>
						<string>../../../addons/ofxLibwebsockets/libs/libwebsockets/lib/osx/libwebsockets.a</string>
					</array>
					<key>HEADER_SEARCH_PATHS</key>
					<array>
						<string>$(OF_CORE_HEADERS)</string>
						<string>../../../addons/ofxIpVideoGrabber/src</string>
						<string>../../../addons/ofxLibApa102/libs</string>
						<string>../../../addons/ofxLibApa102/libs/libapa102</string>
						<string>../../../addons/ofxLibApa102/libs/libapa102/src</string>
						<string>../../../addons/ofxLibApa102/src</string>
						<string>../../../addons/ofxLibwebsockets/libs/jsoncpp</string>
						<string>../../../addons/ofxLibwebsockets/libs/jsoncpp/json</string>
						<string>../../../addons/ofxLibwebsockets/libs/libwebsockets/include/</string>
						<string>../../../addons/ofxLibwebsockets/libs/ofxLibwebsockets/include</string>
						<string>../../../addons/ofxLibwebsockets/libs/ofxLibwebsockets/include/ofxLibwebsockets</string>
						<string>../../../addons/ofxLibwebsockets/libs/ofxLibwebsockets/src</string>
						<string>../../../addons/ofxLibwebsockets/src</string>
						<string>../../../addons/ofxWiringPi/libs</string>
						<string>../../../addons/ofxWiringPi/libs/wiringPi</string>
						<string>../../../addons/ofxWiringPi/libs/wiringPi/src</string>
						<string>../../../addons/ofxWiringPi/src</string>
					</array>
					<key>CONFIGURATION_BUILD_DIR</key>
					<string>$(SRCROOT)/bin/</string>
					<key>COPY_PHASE_STRIP</key>
					<string>NO</string>
					<key>DEAD_CODE_STRIPPING</key>
					<string>YES</string>
					<key>GCC_AUTO_VECTORIZATION</key>
					<string>YES</string>
					<key>GCC_ENABLE_SSE3_EXTENSIONS</key>
					<string>YES</string>
					<key>GCC_ENABLE_SUPPLEMENTAL_SSE3_INSTRUCTIONS</key>
					<string>YES</string>
					<key>GCC_INLINES_ARE_PRIVATE_EXTERN</key>
					<string>NO</string>
					<key>GCC_OPTIMIZATION_LEVEL</key>
					<string>0</string>
					<key>GCC_SYMBOLS_PRIVATE_EXTERN</key>
					<string>NO</string>
					<key>GCC_WARN_ABOUT_DEPRECATED_FUNCTIONS</key>
					<string>YES</string>
					<key>GCC_WARN_ABOUT_INVALID_OFFSETOF_MACRO</key>
					<string>NO</string>
					<key>GCC_WARN_ALLOW_INCOMPLETE_PROTOCOL</key>
					<string>NO</string>
					<key>GCC_WARN_UNINITIALIZED_AUTOS</key>
					<string>NO</string>
					<key>GCC_WARN_UNUSED_VALUE</key>
					<string>NO</string>
					<key>GCC_WARN_UNUSED_VARIABLE</key>
					<string>NO</string>
					<key>MACOSX_DEPLOYMENT_TARGET</key>
					<string>10.8</string>
					<key>ONLY_ACTIVE_ARCH</key>
					<string>YES</string>
					<key>OTHER_CPLUSPLUSFLAGS</key>
					<array>
						<string>-D__MACOSX_CORE__</string>
						<string>-mtune=native</string>
					</array>
					<key>SDKROOT</key>
					<string>macosx</string>
				</dict>
				<key>isa</key>
				<string>XCBuildConfiguration</string>
				<key>name</key>
				<string>Debug</string>
			</dict>
			<key>E4B69B4F0A3A1720003C02F2</key>
			<dict>
				<key>baseConfigurationReference</key>
				<string>E4EB6923138AFD0F00A09F29</string>
				<key>buildSettings</key>
				<dict>
					<key>OTHER_LDFLAGS</key>
					<array>
						<string>$(OF_CORE_FRAMEWORKS) $(OF_CORE_LIBS)</string>
						<string>../../../addons/ofxLibwebsockets/libs/libwebsockets/lib/osx/libwebsockets.a</string>
					</array>
					<key>HEADER_SEARCH_PATHS</key>
					<array>
						<string>$(OF_CORE_HEADERS)</string>
						<string>../../../addons/ofxIpVideoGrabber/src</string>
						<string>../../../addons/ofxLibApa102/libs</string>
						<string>../../../addons/ofxLibApa102/libs/libapa102</string>
						<string>../../../addons/ofxLibApa102/libs/libapa102/src</string>
						<string>../../../addons/ofxLibApa102/src</string>
						<string>../../../addons/ofxLibwebsockets/libs/jsoncpp</string>
						<string>../../../addons/ofxLibwebsockets/libs/jsoncpp/json</string>
						<string>../../../addons/ofxLibwebsockets/libs/libwebsockets/include/</string>
						<string>../../../addons/ofxLibwebsockets/libs/ofxLibwebsockets/include</string>
						<string>../../../addons/ofxLibwebsockets/libs/ofxLibwebsockets/include/ofxLibwebsockets</string>
						<string>../../../addons/ofxLibwebsockets/libs/ofxLibwebsockets/src</string>
						<string>../../../addons/ofxLibwebsockets/src</string>
						<string>../../../addons/ofxWiringPi/libs</string>
						<string>../../../addons/ofxWiringPi/libs/wiringPi</string>
						<string>../../../addons/ofxWiringPi/libs/wiringPi/src</string>
						<string>../../../addons/ofxWiringPi/src</string>
					</array>
					<key>CONFIGURATION_BUILD_DIR</key>
					<string>$(SRCROOT)/bin/</string>
					<key>COPY_PHASE_STRIP</key>
					<string>YES</string>
					<key>DEAD_CODE_STRIPPING</key>
					<string>YES</string>
					<key>GCC_AUTO_VECTORIZATION</key>
					<string>YES</string>
					<key>GCC_ENABLE_SSE3_EXTENSIONS</key>
					<string>YES</string>
					<key>GCC_ENABLE_SUPPLEMENTAL_SSE3_INSTRUCTIONS</key>
					<string>YES</string>
					<key>GCC_INLINES_ARE_PRIVATE_EXTERN</key>
					<string>NO</string>
					<key>GCC_OPTIMIZATION_LEVEL</key>
					<string>3</string>
					<key>GCC_SYMBOLS_PRIVATE_EXTERN</key>
					<string>NO</string>
					<key>GCC_UNROLL_LOOPS</key>
					<string>YES</string>
					<key>GCC_WARN_ABOUT_DEPRECATED_FUNCTIONS</key>
					<string>YES</string>
					<key>GCC_WARN_ABOUT_INVALID_OFFSETOF_MACRO</key>
					<string>NO</string>
					<key>GCC_WARN_ALLOW_INCOMPLETE_PROTOCOL</key>
					<string>NO</string>
					<key>GCC_WARN_UNINITIALIZED_AUTOS</key>
					<string>NO</string>
					<key>GCC_WARN_UNUSED_VALUE</key>
					<string>NO</string>
					<key>GCC_WARN_UNUSED_VARIABLE</key>
					<string>NO</string>
					<key>MACOSX_DEPLOYMENT_TARGET</key>
					<string>10.8</string>
					<key>OTHER_CPLUSPLUSFLAGS</key>
					<array>
						<string>-D__MACOSX_CORE__</string>
						<string>-mtune=native</string>
					</array>
					<key>SDKROOT</key>
					<string>macosx</string>
				</dict>
				<key>isa</key>
				<string>XCBuildConfiguration</string>
				<key>name</key>
				<string>Release</string>
			</dict>
			<key>E4B69B580A3A1756003C02F2</key>
			<dict>
				<key>buildActionMask</key>
				<string>2147483647</string>
				<key>files</key>
				<array>
					<string>E4B69E200A3A1BDC003C02F2</string>
					<string>E4B69E210A3A1BDC003C02F2</string>
					<string>9E3B00A65D0419AC33A0FE47</string>
					<string>3DBEF402F809C371FAC871E7</string>
					<string>1A566B2A79ED051213DF63FB</string>
					<string>35026F228D8FC33A9F491C21</string>
					<string>C289A197A77763253553838C</string>
					<string>9EF1133BC23669A5C94FE30F</string>
					<string>C6C3882A0B0872D1485F3874</string>
					<string>A78C77753D562AE8F0E928ED</string>
					<string>F1AC6AEFB9B93C6AC45C9CA8</string>
					<string>86135253DC7909CA8590E157</string>
					<string>6D73A566CFEC0B462FE6E43C</string>
					<string>F3AD9E2A2E56B6AF32A0BDAF</string>
					<string>CCD326ED8E01272042317DD2</string>
					<string>C1368282E913A586609D54E5</string>
					<string>B04D319172750C16923FAC5A</string>
					<string>3C73D5EA6E9DFC3EBCACCA2D</string>
					<string>390218879E62DE38A889F21B</string>
					<string>8409E8B4014FA0FFD47F6B6E</string>
					<string>C5DBBFEA29A37CE681BEB6A8</string>
					<string>D1A4CD914B988B0D2815B662</string>
					<string>58802F6A58766C52E943CD6A</string>
					<string>30259DD6183FC448C313D05E</string>
					<string>76C6362BE7A2759CACF4A01B</string>
					<string>453A16DB4211CFE600F74287</string>
					<string>9B13FDD8EA74F19AA88BEF22</string>
					<string>7DBD2FED2B429CE324B9B4EA</string>
					<string>11623D1A8BECF93E52DF95B6</string>
					<string>ABE87208A36BDAA204A46572</string>
					<string>56D7527F2EE67C379D0630C9</string>
					<string>46E4788B5CAE4576FA9DE8A0</string>
					<string>E9C44B9AD7CC77A0E154EBFE</string>
					<string>907AC57CD56BC6038E205C12</string>
					<string>343F5D0A09F9E3A88D3D985A</string>
					<string>4E79C69484B889763B6F046A</string>
					<string>764DA22A667857A3D1BA4CFB</string>
					<string>910C6B646C8B2BC563B0C7B8</string>
					<string>4229175A52AA004B7D0783E6</string>
					<string>A2C088F7E0BCD1F18E24D60B</string>
					<string>5DA3081CB9B964BA2044B58F</string>
					<string>D02537B5232698207D8B5702</string>
					<string>B257DE9C8BD839AA93415ECA</string>
				</array>
				<key>isa</key>
				<string>PBXSourcesBuildPhase</string>
				<key>runOnlyForDeploymentPostprocessing</key>
				<string>0</string>
			</dict>
			<key>E4B69B590A3A1756003C02F2</key>
			<dict>
				<key>buildActionMask</key>
				<string>2147483647</string>
				<key>files</key>
				<array>
					<string>E4328149138ABC9F0047C5CB</string>
				</array>
				<key>isa</key>
				<string>PBXFrameworksBuildPhase</string>
				<key>runOnlyForDeploymentPostprocessing</key>
				<string>0</string>
			</dict>
			<key>E4B69B5A0A3A1756003C02F2</key>
			<dict>
				<key>buildConfigurationList</key>
				<string>E4B69B5F0A3A1757003C02F2</string>
				<key>buildPhases</key>
				<array>
					<string>E4B69B580A3A1756003C02F2</string>
					<string>E4B69B590A3A1756003C02F2</string>
					<string>E4B6FFFD0C3F9AB9008CF71C</string>
					<string>E4C2427710CC5ABF004149E2</string>
				</array>
				<key>buildRules</key>
				<array />
				<key>dependencies</key>
				<array>
					<string>E4EEB9AC138B136A00A80321</string>
				</array>
				<key>isa</key>
				<string>PBXNativeTarget</string>
				<key>name</key>
				<string>ipVideoClient</string>
				<key>productName</key>
				<string>myOFApp</string>
				<key>productReference</key>
				<string>E4B69B5B0A3A1756003C02F2</string>
				<key>productType</key>
				<string>com.apple.product-type.application</string>
			</dict>
			<key>E4B69B5B0A3A1756003C02F2</key>
			<dict>
				<key>explicitFileType</key>
				<string>wrapper.application</string>
				<key>includeInIndex</key>
				<string>0</string>
				<key>isa</key>
				<string>PBXFileReference</string>
				<key>path</key>
				<string>ipVideoClientDebug.app</string>
				<key>sourceTree</key>
				<string>BUILT_PRODUCTS_DIR</string>
			</dict>
			<key>E4B69B5F0A3A1757003C02F2</key>
			<dict>
				<key>buildConfigurations</key>
				<array>
					<string>E4B69B600A3A1757003C02F2</string>
					<string>E4B69B610A3A1757003C02F2</string>
				</array>
				<key>defaultConfigurationIsVisible</key>
				<string>0</string>
				<key>defaultConfigurationName</key>
				<string>Release</string>
				<key>isa</key>
				<string>XCConfigurationList</string>
			</dict>
			<key>E4B69B600A3A1757003C02F2</key>
			<dict>
				<key>baseConfigurationReference</key>
				<string>E4EB6923138AFD0F00A09F29</string>
				<key>buildSettings</key>
				<dict>
					<key>OTHER_LDFLAGS</key>
					<array>
						<string>$(OF_CORE_FRAMEWORKS) $(OF_CORE_LIBS)</string>
						<string>../../../addons/ofxLibwebsockets/libs/libwebsockets/lib/osx/libwebsockets.a</string>
					</array>
					<key>HEADER_SEARCH_PATHS</key>
					<array>
						<string>$(OF_CORE_HEADERS)</string>
						<string>../../../addons/ofxIpVideoGrabber/src</string>
						<string>../../../addons/ofxLibApa102/libs</string>
						<string>../../../addons/ofxLibApa102/libs/libapa102</string>
						<string>../../../addons/ofxLibApa102/libs/libapa102/src</string>
						<string>../../../addons/ofxLibApa102/src</string>
						<string>../../../addons/ofxLibwebsockets/libs/jsoncpp</string>
						<string>../../../addons/ofxLibwebsockets/libs/jsoncpp/json</string>
						<string>../../../addons/ofxLibwebsockets/libs/libwebsockets/include/</string>
						<string>../../../addons/ofxLibwebsockets/libs/ofxLibwebsockets/include</string>
						<string>../../../addons/ofxLibwebsockets/libs/ofxLibwebsockets/include/ofxLibwebsockets</string>
						<string>../../../addons/ofxLibwebsockets/libs/ofxLibwebsockets/src</string>
						<string>../../../addons/ofxLibwebsockets/src</string>
						<string>../../../addons/ofxWiringPi/libs</string>
						<string>../../../addons/ofxWiringPi/libs/wiringPi</string>
						<string>../../../addons/ofxWiringPi/libs/wiringPi/src</string>
						<string>../../../addons/ofxWiringPi/src</string>
					</array>
					<key>COMBINE_HIDPI_IMAGES</key>
					<string>YES</string>
					<key>COPY_PHASE_STRIP</key>
					<string>NO</string>
					<key>FRAMEWORK_SEARCH_PATHS</key>
					<array>
						<string>$(inherited)</string>
						<string>$(FRAMEWORK_SEARCH_PATHS_QUOTED_FOR_TARGET_1)</string>
					</array>
					<key>FRAMEWORK_SEARCH_PATHS_QUOTED_FOR_TARGET_1</key>
					<string>"$(SRCROOT)/../../../libs/glut/lib/osx"</string>
					<key>GCC_DYNAMIC_NO_PIC</key>
					<string>NO</string>
					<key>GCC_GENERATE_DEBUGGING_SYMBOLS</key>
					<string>YES</string>
					<key>GCC_MODEL_TUNING</key>
					<string>NONE</string>
					<key>ICON</key>
					<string>$(ICON_NAME_DEBUG)</string>
					<key>ICON_FILE</key>
					<string>$(ICON_FILE_PATH)$(ICON)</string>
					<key>INFOPLIST_FILE</key>
					<string>openFrameworks-Info.plist</string>
					<key>INSTALL_PATH</key>
					<string>/Applications</string>
					<key>LIBRARY_SEARCH_PATHS</key>
					<string>$(inherited)</string>
					<key>PRODUCT_NAME</key>
					<string>$(TARGET_NAME)Debug</string>
					<key>WRAPPER_EXTENSION</key>
					<string>app</string>
				</dict>
				<key>isa</key>
				<string>XCBuildConfiguration</string>
				<key>name</key>
				<string>Debug</string>
			</dict>
			<key>E4B69B610A3A1757003C02F2</key>
			<dict>
				<key>baseConfigurationReference</key>
				<string>E4EB6923138AFD0F00A09F29</string>
				<key>buildSettings</key>
				<dict>
					<key>OTHER_LDFLAGS</key>
					<array>
						<string>$(OF_CORE_FRAMEWORKS) $(OF_CORE_LIBS)</string>
						<string>../../../addons/ofxLibwebsockets/libs/libwebsockets/lib/osx/libwebsockets.a</string>
					</array>
					<key>HEADER_SEARCH_PATHS</key>
					<array>
						<string>$(OF_CORE_HEADERS)</string>
						<string>../../../addons/ofxIpVideoGrabber/src</string>
						<string>../../../addons/ofxLibApa102/libs</string>
						<string>../../../addons/ofxLibApa102/libs/libapa102</string>
						<string>../../../addons/ofxLibApa102/libs/libapa102/src</string>
						<string>../../../addons/ofxLibApa102/src</string>
						<string>../../../addons/ofxLibwebsockets/libs/jsoncpp</string>
						<string>../../../addons/ofxLibwebsockets/libs/jsoncpp/json</string>
						<string>../../../addons/ofxLibwebsockets/libs/libwebsockets/include/</string>
						<string>../../../addons/ofxLibwebsockets/libs/ofxLibwebsockets/include</string>
						<string>../../../addons/ofxLibwebsockets/libs/ofxLibwebsockets/include/ofxLibwebsockets</string>
						<string>../../../addons/ofxLibwebsockets/libs/ofxLibwebsockets/src</string>
						<string>../../../addons/ofxLibwebsockets/src</string>
						<string>../../../addons/ofxWiringPi/libs</string>
						<string>../../../addons/ofxWiringPi/libs/wiringPi</string>
						<string>../../../addons/ofxWiringPi/libs/wiringPi/src</string>
						<string>../../../addons/ofxWiringPi/src</string>
					</array>
					<key>COMBINE_HIDPI_IMAGES</key>
					<string>YES</string>
					<key>COPY_PHASE_STRIP</key>
					<string>YES</string>
					<key>FRAMEWORK_SEARCH_PATHS</key>
					<array>
						<string>$(inherited)</string>
						<string>$(FRAMEWORK_SEARCH_PATHS_QUOTED_FOR_TARGET_1)</string>
					</array>
					<key>FRAMEWORK_SEARCH_PATHS_QUOTED_FOR_TARGET_1</key>
					<string>"$(SRCROOT)/../../../libs/glut/lib/osx"</string>
					<key>GCC_GENERATE_DEBUGGING_SYMBOLS</key>
					<string>YES</string>
					<key>GCC_MODEL_TUNING</key>
					<string>NONE</string>
					<key>ICON</key>
					<string>$(ICON_NAME_RELEASE)</string>
					<key>ICON_FILE</key>
					<string>$(ICON_FILE_PATH)$(ICON)</string>
					<key>INFOPLIST_FILE</key>
					<string>openFrameworks-Info.plist</string>
					<key>INSTALL_PATH</key>
					<string>/Applications</string>
					<key>LIBRARY_SEARCH_PATHS</key>
					<string>$(inherited)</string>
					<key>PRODUCT_NAME</key>
					<string>$(TARGET_NAME)</string>
					<key>WRAPPER_EXTENSION</key>
					<string>app</string>
					<key>baseConfigurationReference</key>
					<string>E4EB6923138AFD0F00A09F29</string>
				</dict>
				<key>isa</key>
				<string>XCBuildConfiguration</string>
				<key>name</key>
				<string>Release</string>
			</dict>
			<key>E4B69E1C0A3A1BDC003C02F2</key>
			<dict>
				<key>children</key>
				<array>
					<string>E4B69E1D0A3A1BDC003C02F2</string>
					<string>E4B69E1E0A3A1BDC003C02F2</string>
					<string>E4B69E1F0A3A1BDC003C02F2</string>
				</array>
				<key>isa</key>
				<string>PBXGroup</string>
				<key>path</key>
				<string>src</string>
				<key>sourceTree</key>
				<string>SOURCE_ROOT</string>
			</dict>
			<key>E4B69E1D0A3A1BDC003C02F2</key>
			<dict>
				<key>fileEncoding</key>
				<string>30</string>
				<key>isa</key>
				<string>PBXFileReference</string>
				<key>lastKnownFileType</key>
				<string>sourcecode.cpp.cpp</string>
				<key>name</key>
				<string>main.cpp</string>
				<key>path</key>
				<string>src/main.cpp</string>
				<key>sourceTree</key>
				<string>SOURCE_ROOT</string>
			</dict>
			<key>E4B69E1E0A3A1BDC003C02F2</key>
			<dict>
				<key>explicitFileType</key>
				<string>sourcecode.cpp.cpp</string>
				<key>fileEncoding</key>
				<string>30</string>
				<key>isa</key>
				<string>PBXFileReference</string>
				<key>name</key>
				<string>ofApp.cpp</string>
				<key>path</key>
				<string>src/ofApp.cpp</string>
				<key>sourceTree</key>
				<string>SOURCE_ROOT</string>
			</dict>
			<key>E4B69E1F0A3A1BDC003C02F2</key>
			<dict>
				<key>fileEncoding</key>
				<string>30</string>
				<key>isa</key>
				<string>PBXFileReference</string>
				<key>lastKnownFileType</key>
				<string>sourcecode.c.h</string>
				<key>name</key>
				<string>ofApp.h</string>
				<key>path</key>
				<string>src/ofApp.h</string>
				<key>sourceTree</key>
				<string>SOURCE_ROOT</string>
			</dict>
			<key>E4B69E200A3A1BDC003C02F2</key>
			<dict>
				<key>fileRef</key>
				<string>E4B69E1D0A3A1BDC003C02F2</string>
				<key>isa</key>
				<string>PBXBuildFile</string>
			</dict>
			<key>E4B69E210A3A1BDC003C02F2</key>
			<dict>
				<key>fileRef</key>
				<string>E4B69E1E0A3A1BDC003C02F2</string>
				<key>isa</key>
				<string>PBXBuildFile</string>
			</dict>
			<key>E4B6FCAD0C3E899E008CF71C</key>
			<dict>
				<key>fileEncoding</key>
				<string>30</string>
				<key>isa</key>
				<string>PBXFileReference</string>
				<key>lastKnownFileType</key>
				<string>text.plist.xml</string>
				<key>path</key>
				<string>openFrameworks-Info.plist</string>
				<key>sourceTree</key>
				<string>&lt;group&gt;</string>
			</dict>
			<key>E4B6FFFD0C3F9AB9008CF71C</key>
			<dict>
				<key>buildActionMask</key>
				<string>2147483647</string>
				<key>files</key>
				<array />
				<key>inputPaths</key>
				<array />
				<key>isa</key>
				<string>PBXShellScriptBuildPhase</string>
				<key>outputPaths</key>
				<array />
				<key>runOnlyForDeploymentPostprocessing</key>
				<string>0</string>
				<key>shellPath</key>
				<string>/bin/sh</string>
				<key>shellScript</key>
				<string>mkdir -p "$TARGET_BUILD_DIR/$PRODUCT_NAME.app/Contents/Resources/"
# Copy default icon file into App/Resources
rsync -aved "$ICON_FILE" "$TARGET_BUILD_DIR/$PRODUCT_NAME.app/Contents/Resources/"
# Copy libfmod and change install directory for fmod to run
rsync -aved ../../../libs/fmodex/lib/osx/libfmodex.dylib "$TARGET_BUILD_DIR/$PRODUCT_NAME.app/Contents/Frameworks/";
install_name_tool -change @executable_path/libfmodex.dylib @executable_path/../Frameworks/libfmodex.dylib "$TARGET_BUILD_DIR/$PRODUCT_NAME.app/Contents/MacOS/$PRODUCT_NAME";
# Copy GLUT framework (must remove for AppStore submissions)
rsync -aved ../../../libs/glut/lib/osx/GLUT.framework "$TARGET_BUILD_DIR/$PRODUCT_NAME.app/Contents/Frameworks/"
</string>
			</dict>
			<key>E4C2427710CC5ABF004149E2</key>
			<dict>
				<key>buildActionMask</key>
				<string>2147483647</string>
				<key>dstPath</key>
				<string />
				<key>dstSubfolderSpec</key>
				<string>10</string>
				<key>files</key>
				<array />
				<key>isa</key>
				<string>PBXCopyFilesBuildPhase</string>
				<key>runOnlyForDeploymentPostprocessing</key>
				<string>0</string>
			</dict>
			<key>E4EB691F138AFCF100A09F29</key>
			<dict>
				<key>fileEncoding</key>
				<string>4</string>
				<key>isa</key>
				<string>PBXFileReference</string>
				<key>lastKnownFileType</key>
				<string>text.xcconfig</string>
				<key>name</key>
				<string>CoreOF.xcconfig</string>
				<key>path</key>
				<string>../../../libs/openFrameworksCompiled/project/osx/CoreOF.xcconfig</string>
				<key>sourceTree</key>
				<string>SOURCE_ROOT</string>
			</dict>
			<key>E4EB6923138AFD0F00A09F29</key>
			<dict>
				<key>fileEncoding</key>
				<string>4</string>
				<key>isa</key>
				<string>PBXFileReference</string>
				<key>lastKnownFileType</key>
				<string>text.xcconfig</string>
				<key>path</key>
				<string>Project.xcconfig</string>
				<key>sourceTree</key>
				<string>&lt;group&gt;</string>
			</dict>
			<key>E4EEB9AB138B136A00A80321</key>
			<dict>
				<key>containerPortal</key>
				<string>E4328143138ABC890047C5CB</string>
				<key>isa</key>
				<string>PBXContainerItemProxy</string>
				<key>proxyType</key>
				<string>1</string>
				<key>remoteGlobalIDString</key>
				<string>E4B27C1410CBEB8E00536013</string>
				<key>remoteInfo</key>
				<string>openFrameworks</string>
			</dict>
			<key>E4EEB9AC138B136A00A80321</key>
			<dict>
				<key>isa</key>
				<string>PBXTargetDependency</string>
				<key>name</key>
				<string>openFrameworks</string>
				<key>targetProxy</key>
				<string>E4EEB9AB138B136A00A80321</string>
			</dict>
			<key>E4EEC9E9138DF44700A80321</key>
			<dict>
				<key>children</key>
				<array>
					<string>E4EB691F138AFCF100A09F29</string>
					<string>E4328143138ABC890047C5CB</string>
				</array>
				<key>isa</key>
				<string>PBXGroup</string>
				<key>name</key>
				<string>openFrameworks</string>
				<key>sourceTree</key>
				<string>&lt;group&gt;</string>
			</dict>
		</dict>
		<key>rootObject</key>
		<string>E4B69B4C0A3A1720003C02F2</string>
	</dict>
</plist>
